# Generated by conda-lock.
# platform: osx-arm64
# input_hash: e2e86619c3fe9c3778a3bbed2bccf9ecd52c7c9a842ee559935a5424cb390a4d
@EXPLICIT
https://conda.anaconda.org/conda-forge/osx-arm64/ca-certificates-2024.8.30-hf0a4a13_0.conda#40dec13fd8348dbe303e57be74bd3d35
https://conda.anaconda.org/conda-forge/noarch/font-ttf-dejavu-sans-mono-2.37-hab24e00_0.tar.bz2#0c96522c6bdaed4b1566d11387caaf45
https://conda.anaconda.org/conda-forge/noarch/font-ttf-inconsolata-3.000-h77eed37_0.tar.bz2#34893075a5c9e55cdafac56607368fc6
https://conda.anaconda.org/conda-forge/noarch/font-ttf-source-code-pro-2.038-h77eed37_0.tar.bz2#4d59c254e01d9cde7957100457e2d5fb
https://conda.anaconda.org/conda-forge/noarch/font-ttf-ubuntu-0.83-h77eed37_3.conda#49023d73832ef61042f6a237cb2687e7
https://conda.anaconda.org/conda-forge/osx-arm64/fribidi-1.0.10-h27ca646_0.tar.bz2#c64443234ff91d70cb9c7dc926c58834
https://conda.anaconda.org/conda-forge/osx-arm64/git-lfs-3.5.1-h40ddcf5_1.conda#69e2c0464e3c3a2fb30a837ee38584cd
https://conda.anaconda.org/conda-forge/osx-arm64/libev-4.33-h93a5062_2.conda#36d33e440c31857372a72137f78bacf5
https://conda.anaconda.org/conda-forge/osx-arm64/libffi-3.4.2-h3422bc3_5.tar.bz2#086914b672be056eb70fd4285b6783b6
https://conda.anaconda.org/conda-forge/osx-arm64/libiconv-1.17-h0d3ecfb_2.conda#69bda57310071cf6d2b86caf11573d2d
https://conda.anaconda.org/conda-forge/osx-arm64/libjpeg-turbo-3.0.0-hb547adb_1.conda#3ff1e053dc3a2b8e36b9bfa4256a58d1
https://conda.anaconda.org/conda-forge/osx-arm64/libwebp-base-1.4.0-h93a5062_0.conda#c0af0edfebe780b19940e94871f1a765
https://conda.anaconda.org/conda-forge/osx-arm64/pandoc-3.5-hce30654_0.conda#5c56b7bfbdad3334a09230d405b63564
https://conda.anaconda.org/conda-forge/osx-arm64/python_abi-3.12-5_cp312.conda#b76f9b1c862128e56ac7aa8cd2333de9
https://conda.anaconda.org/conda-forge/noarch/tzdata-2024b-hc8b5060_0.conda#8ac3367aafb1cc0a068483c580af8015
https://conda.anaconda.org/conda-forge/osx-arm64/xz-5.2.6-h57fd34a_0.tar.bz2#39c6b54e94014701dd157f4f576ed211
https://conda.anaconda.org/conda-forge/osx-arm64/yaml-0.2.5-h3422bc3_2.tar.bz2#4bb3f014845110883a3c5ee811fd84b4
https://conda.anaconda.org/conda-forge/osx-arm64/bzip2-1.0.8-h99b78c6_7.conda#fc6948412dbbbe9a4c9ddbbcfe0a79ab
https://conda.anaconda.org/conda-forge/osx-arm64/c-ares-1.34.3-h5505292_0.conda#d0155a4f41f28628c7409ea000eeb19c
https://conda.anaconda.org/conda-forge/noarch/fonts-conda-forge-1-0.tar.bz2#f766549260d6815b0c52253f1fb1bb29
https://conda.anaconda.org/conda-forge/osx-arm64/icu-75.1-hfee45f7_0.conda#5eb22c1d7b3fc4abb50d92d621583137
https://conda.anaconda.org/conda-forge/osx-arm64/libbrotlicommon-1.1.0-hd74edd7_2.conda#d0bf1dff146b799b319ea0434b93f779
https://conda.anaconda.org/conda-forge/osx-arm64/libcxx-19.1.3-ha82da77_0.conda#bf691071fba4734984231617783225bc
https://conda.anaconda.org/conda-forge/osx-arm64/libdeflate-1.22-hd74edd7_0.conda#2d3e3f3d8ab315748420ef58d5a3ae0f
https://conda.anaconda.org/conda-forge/osx-arm64/libexpat-2.6.4-h286801f_0.conda#38d2656dd914feb0cab8c629370768bf
https://conda.anaconda.org/conda-forge/osx-arm64/libintl-0.22.5-h8414b35_3.conda#3b98ec32e91b3b59ad53dbb9c96dd334
https://conda.anaconda.org/conda-forge/osx-arm64/libsodium-1.0.20-h99b78c6_0.conda#a7ce36e284c5faaf93c220dfc39e3abd
https://conda.anaconda.org/conda-forge/osx-arm64/libzlib-1.3.1-h8359307_2.conda#369964e85dc26bfe78f41399b366c435
https://conda.anaconda.org/conda-forge/osx-arm64/llvm-openmp-19.1.3-hb52a8e5_0.conda#dd695d23e78d1ca4fecce969b1e1db61
https://conda.anaconda.org/conda-forge/osx-arm64/ncurses-6.5-h7bae524_1.conda#cb2b0ea909b97b3d70cd3921d1445e1a
https://conda.anaconda.org/conda-forge/osx-arm64/openssl-3.4.0-h39f12f2_0.conda#df307bbc703324722df0293c9ca2e418
https://conda.anaconda.org/conda-forge/osx-arm64/pthread-stubs-0.4-hd74edd7_1002.conda#415816daf82e0b23a736a069a75e9da7
https://conda.anaconda.org/conda-forge/osx-arm64/xorg-libxau-1.0.11-hd74edd7_1.conda#7e0125f8fb619620a0011dc9297e2493
https://conda.anaconda.org/conda-forge/osx-arm64/xorg-libxdmcp-1.1.5-hd74edd7_0.conda#77c447f48cab5d3a15ac224edb86a968
https://conda.anaconda.org/conda-forge/noarch/fonts-conda-ecosystem-1-0.tar.bz2#fee5683a3f04bd15cbd8318b096a27ab
https://conda.anaconda.org/conda-forge/osx-arm64/gmp-6.3.0-h7bae524_2.conda#eed7278dfbab727b56f2c0b64330814b
https://conda.anaconda.org/conda-forge/osx-arm64/graphite2-1.3.13-hebf3989_1003.conda#339991336eeddb70076d8ca826dac625
https://conda.anaconda.org/conda-forge/osx-arm64/lerc-4.0.0-h9a09cb3_0.tar.bz2#de462d5aacda3b30721b512c5da4e742
https://conda.anaconda.org/conda-forge/osx-arm64/libaec-1.1.3-hebf3989_0.conda#6f0b8e56d2e7bae12a18fc5b2cd9f310
https://conda.anaconda.org/conda-forge/osx-arm64/libbrotlidec-1.1.0-hd74edd7_2.conda#55e66e68ce55523a6811633dd1ac74e2
https://conda.anaconda.org/conda-forge/osx-arm64/libbrotlienc-1.1.0-hd74edd7_2.conda#4f3a434504c67b2c42565c0b85c1885c
https://conda.anaconda.org/conda-forge/osx-arm64/libedit-3.1.20191231-hc8eb9b7_2.tar.bz2#30e4362988a2623e9eb34337b83e01f9
https://conda.anaconda.org/conda-forge/osx-arm64/libgfortran5-13.2.0-hf226fd6_3.conda#66ac81d54e95c534ae488726c1f698ea
https://conda.anaconda.org/conda-forge/osx-arm64/libllvm14-14.0.6-hd1a9a77_4.conda#9f3dce5d26ea56a9000cd74c034582bd
https://conda.anaconda.org/conda-forge/osx-arm64/libnghttp2-1.64.0-h6d7220d_0.conda#3408c02539cee5f1141f9f11450b6a51
https://conda.anaconda.org/conda-forge/osx-arm64/libpng-1.6.44-hc14010f_0.conda#fb36e93f0ea6a6f5d2b99984f34b049e
https://conda.anaconda.org/conda-forge/osx-arm64/libsqlite-3.47.0-hbaaea75_1.conda#07a14fbe439eef078cc479deca321161
https://conda.anaconda.org/conda-forge/osx-arm64/libssh2-1.11.0-h7a5bd25_0.conda#029f7dc931a3b626b94823bc77830b01
https://conda.anaconda.org/conda-forge/osx-arm64/libxcb-1.17.0-hdb1d25a_0.conda#af523aae2eca6dfa1c8eec693f5b9a79
https://conda.anaconda.org/conda-forge/osx-arm64/libxml2-2.13.5-hbbdcc80_0.conda#967d4a9dadd710415ee008d862a07c99
https://conda.anaconda.org/conda-forge/osx-arm64/lz4-c-1.9.4-hb7217d7_0.conda#45505bec548634f7d05e02fb25262cb9
https://conda.anaconda.org/conda-forge/osx-arm64/pcre2-10.44-h297a79d_2.conda#147c83e5e44780c7492998acbacddf52
https://conda.anaconda.org/conda-forge/osx-arm64/pixman-0.43.4-hebf3989_0.conda#0308c68e711cd295aaa026a4f8c4b1e5
https://conda.anaconda.org/conda-forge/osx-arm64/qhull-2020.2-h420ef59_5.conda#6483b1f59526e05d7d894e466b5b6924
https://conda.anaconda.org/conda-forge/osx-arm64/readline-8.2-h92ec313_1.conda#8cbb776a2f641b943d413b3e19df71f4
https://conda.anaconda.org/conda-forge/osx-arm64/snappy-1.2.1-hd02b534_0.conda#69d0f9694f3294418ee935da3d5f7272
https://conda.anaconda.org/conda-forge/osx-arm64/tk-8.6.13-h5083fa2_1.conda#b50a57ba89c32b62428b71a875291c9b
https://conda.anaconda.org/conda-forge/osx-arm64/zlib-1.3.1-h8359307_2.conda#e3170d898ca6cb48f1bb567afb92f775
https://conda.anaconda.org/conda-forge/osx-arm64/zlib-ng-2.2.2-hf9b8971_0.conda#652e10e21567dbd1dd6662faf85e3220
https://conda.anaconda.org/conda-forge/osx-arm64/zstd-1.5.6-hb46c0d2_0.conda#d96942c06c3e84bfcc5efb038724a7fd
https://conda.anaconda.org/conda-forge/osx-arm64/blosc-1.21.6-h5499902_0.conda#e94ca7aec8544f700d45b24aff2dd4d7
https://conda.anaconda.org/conda-forge/osx-arm64/brotli-bin-1.1.0-hd74edd7_2.conda#b8512db2145dc3ae8d86cdc21a8d421e
https://conda.anaconda.org/conda-forge/osx-arm64/c-blosc2-2.15.1-h5063078_0.conda#5f69b832bcc07b8fde07cf95b5b19d03
https://conda.anaconda.org/conda-forge/osx-arm64/freetype-2.12.1-hadb7bae_2.conda#e6085e516a3e304ce41a8ee08b9b89ad
https://conda.anaconda.org/conda-forge/osx-arm64/krb5-1.21.3-h237132a_0.conda#c6dc8a0fdec13a0565936655c33069a1
https://conda.anaconda.org/conda-forge/osx-arm64/libgfortran-5.0.0-13_2_0_hd922786_3.conda#4a55d9e169114b2b90d3ec4604cd7bbf
https://conda.anaconda.org/conda-forge/osx-arm64/libglib-2.82.2-h07bd6cf_0.conda#890783f64502fa6bfcdc723cfbf581b4
https://conda.anaconda.org/conda-forge/osx-arm64/libtiff-4.7.0-hfce79cd_1.conda#b9abf45f7c64caf3303725f1aa0e9a4d
https://conda.anaconda.org/conda-forge/osx-arm64/libxslt-1.1.39-h223e5b9_0.conda#560c9cacc33e927f55b998eaa0cb1732
https://conda.anaconda.org/conda-forge/osx-arm64/mpfr-4.2.1-hb693164_3.conda#4e4ea852d54cc2b869842de5044662fb
https://conda.anaconda.org/conda-forge/osx-arm64/python-3.12.7-h739c21a_0_cpython.conda#e0d82e57ebb456077565e6d82cd4a323
https://conda.anaconda.org/conda-forge/noarch/alabaster-1.0.0-pyhd8ed1ab_0.conda#7d78a232029458d0077ede6cda30ed0c
https://conda.anaconda.org/conda-forge/noarch/appnope-0.1.4-pyhd8ed1ab_0.conda#cc4834a9ee7cc49ce8d25177c47b10d8
https://conda.anaconda.org/conda-forge/noarch/astropy-iers-data-0.2024.11.11.0.32.38-pyhd8ed1ab_0.conda#f6878050db1dc08920998838ee16eb68
https://conda.anaconda.org/conda-forge/osx-arm64/atk-1.0-2.38.0-hd03087b_2.conda#57301986d02d30d6805fdce6c99074ee
https://conda.anaconda.org/conda-forge/noarch/attrs-24.2.0-pyh71513ae_0.conda#6732fa52eb8e66e5afeb32db8701a791
https://conda.anaconda.org/conda-forge/osx-arm64/brotli-1.1.0-hd74edd7_2.conda#215e3dc8f2f837906d066e7f01aa77c0
https://conda.anaconda.org/conda-forge/osx-arm64/brotli-python-1.1.0-py312hde4cb15_2.conda#a83c2ef76ccb11bc2349f4f17696b15d
https://conda.anaconda.org/conda-forge/noarch/cached_property-1.5.2-pyha770c72_1.tar.bz2#576d629e47797577ab0f1b351297ef4a
https://conda.anaconda.org/conda-forge/noarch/certifi-2024.8.30-pyhd8ed1ab_0.conda#12f7d00853807b0531775e9be891cb11
https://conda.anaconda.org/conda-forge/noarch/charset-normalizer-3.4.0-pyhd8ed1ab_0.conda#a374efa97290b8799046df7c5ca17164
https://conda.anaconda.org/conda-forge/noarch/click-8.1.7-unix_pyh707e725_0.conda#f3ad426304898027fc619827ff428eca
https://conda.anaconda.org/conda-forge/noarch/codespell-2.3.0-pyhd8ed1ab_0.conda#6e67fa19bedafa7eb7d6ea91de53e03d
https://conda.anaconda.org/conda-forge/noarch/colorama-0.4.6-pyhd8ed1ab_0.tar.bz2#3faab06a954c2a04039983f2c4a50d99
https://conda.anaconda.org/conda-forge/noarch/cpython-3.12.7-py312hd8ed1ab_0.conda#f0d1309310498284ab13c9fd73db4781
https://conda.anaconda.org/conda-forge/noarch/cycler-0.12.1-pyhd8ed1ab_0.conda#5cd86562580f274031ede6aa6aa24441
https://conda.anaconda.org/conda-forge/osx-arm64/debugpy-1.8.8-py312hd8f9ff3_0.conda#a47db7a8ec137fa9cc5ba9f20a45394f
https://conda.anaconda.org/conda-forge/noarch/decorator-5.1.1-pyhd8ed1ab_0.tar.bz2#43afe5ab04e35e17ba28649471dd7364
https://conda.anaconda.org/conda-forge/noarch/defusedxml-0.7.1-pyhd8ed1ab_0.tar.bz2#961b3a227b437d82ad7054484cfa71b2
https://conda.anaconda.org/conda-forge/noarch/docutils-0.21.2-pyhd8ed1ab_0.conda#e8cd5d629f65bdf0f3bb312cde14659e
https://conda.anaconda.org/conda-forge/noarch/entrypoints-0.4-pyhd8ed1ab_0.tar.bz2#3cf04868fee0a029769bd41f4b2fbf2d
https://conda.anaconda.org/conda-forge/noarch/exceptiongroup-1.2.2-pyhd8ed1ab_0.conda#d02ae936e42063ca46af6cdad2dbd1e0
https://conda.anaconda.org/conda-forge/noarch/executing-2.1.0-pyhd8ed1ab_0.conda#d0441db20c827c11721889a241df1220
https://conda.anaconda.org/conda-forge/osx-arm64/fontconfig-2.15.0-h1383a14_1.conda#7b29f48742cea5d1ccb5edd839cb5621
https://conda.anaconda.org/conda-forge/noarch/future-1.0.0-pyhd8ed1ab_0.conda#650a7807e689642dddd3590eb817beed
https://conda.anaconda.org/conda-forge/osx-arm64/gdk-pixbuf-2.42.12-h7ddc832_0.conda#151309a7e1eb57a3c2ab8088a1d74f3e
https://conda.anaconda.org/conda-forge/osx-arm64/greenlet-3.1.1-py312hde4cb15_0.conda#6b39df249302d2e1513c5a01aad1d912
https://conda.anaconda.org/conda-forge/osx-arm64/gts-0.7.6-he42f4ea_4.conda#21b4dd3098f63a74cf2aa9159cbef57d
https://conda.anaconda.org/conda-forge/noarch/hpack-4.0.0-pyh9f0ad1d_0.tar.bz2#914d6646c4dbb1fd3ff539830a12fd71
https://conda.anaconda.org/conda-forge/noarch/hyperframe-6.0.1-pyhd8ed1ab_0.tar.bz2#9f765cbfab6870c8435b9eefecd7a1f4
https://conda.anaconda.org/conda-forge/noarch/idna-3.10-pyhd8ed1ab_0.conda#7ba2ede0e7c795ff95088daf0dc59753
https://conda.anaconda.org/conda-forge/noarch/imagesize-1.4.1-pyhd8ed1ab_0.tar.bz2#7de5386c8fea29e76b303f37dde4c352
https://conda.anaconda.org/conda-forge/noarch/iniconfig-2.0.0-pyhd8ed1ab_0.conda#f800d2da156d08e289b14e87e43c1ae5
https://conda.anaconda.org/conda-forge/noarch/json5-0.9.28-pyhff2d567_0.conda#b5fd1ac9269dd22e003eaac27e249d97
https://conda.anaconda.org/conda-forge/osx-arm64/jsonpointer-3.0.0-py312h81bd7bf_1.conda#80f403c03290e1662be03e026fb5f8ab
https://conda.anaconda.org/conda-forge/noarch/jupyterlab_widgets-3.0.13-pyhd8ed1ab_0.conda#ccea946e6dce9f330fbf7fca97fe8de7
https://conda.anaconda.org/conda-forge/osx-arm64/kiwisolver-1.4.7-py312h6142ec9_0.conda#ea8a65d24baad7ed822ab7f07f19e105
https://conda.anaconda.org/conda-forge/osx-arm64/lcms2-2.16-ha0e7c42_0.conda#66f6c134e76fe13cce8a9ea5814b5dd5
https://conda.anaconda.org/conda-forge/osx-arm64/libcurl-8.10.1-h13a7ad3_0.conda#d84030d0863ffe7dea00b9a807fee961
https://conda.anaconda.org/conda-forge/osx-arm64/libopenblas-0.3.28-openmp_hf332438_1.conda#40803a48d947c8639da6704e9a44d3ce
https://conda.anaconda.org/conda-forge/osx-arm64/llvmlite-0.43.0-py312ha9ca408_1.conda#f081ee72987624a949a3562020b1135d
https://conda.anaconda.org/conda-forge/osx-arm64/lxml-5.3.0-py312ha59c1f6_2.conda#62812df7d88357ccb37fdabe67bf785d
https://conda.anaconda.org/conda-forge/osx-arm64/markupsafe-3.0.2-py312ha0ccf2a_0.conda#c6ff9f291d011c9d4f0b840f49435c64
https://conda.anaconda.org/conda-forge/noarch/mdurl-0.1.2-pyhd8ed1ab_0.conda#776a8dd9e824f77abac30e6ef43a8f7a
https://conda.anaconda.org/conda-forge/noarch/mistune-3.0.2-pyhd8ed1ab_0.conda#5cbee699846772cc939bef23a0d524ed
https://conda.anaconda.org/conda-forge/osx-arm64/mpc-1.3.1-h8f1351a_1.conda#a5635df796b71f6ca400fc7026f50701
https://conda.anaconda.org/conda-forge/noarch/mpmath-1.3.0-pyhd8ed1ab_0.conda#dbf6e2d89137da32fa6670f3bffc024e
https://conda.anaconda.org/conda-forge/noarch/munkres-1.1.4-pyh9f0ad1d_0.tar.bz2#2ba8498c1018c1e9c61eb99b973dfe19
https://conda.anaconda.org/conda-forge/noarch/nest-asyncio-1.6.0-pyhd8ed1ab_0.conda#6598c056f64dc8800d40add25e4e2c34
https://conda.anaconda.org/conda-forge/noarch/networkx-3.4.2-pyh267e887_2.conda#fd40bf7f7f4bc4b647dc8512053d9873
https://conda.anaconda.org/conda-forge/osx-arm64/openjpeg-2.5.2-h9f1df11_0.conda#5029846003f0bc14414b9128a1f7c84b
https://conda.anaconda.org/conda-forge/noarch/packaging-24.2-pyhd8ed1ab_0.conda#c16469afe1ec91aaafcf4bea966c0465
https://conda.anaconda.org/conda-forge/noarch/pandocfilters-1.5.0-pyhd8ed1ab_0.tar.bz2#457c2c8c08e54905d6954e79cb5b5db9
https://conda.anaconda.org/conda-forge/noarch/param-2.1.1-pyhff2d567_0.conda#bd991333d5bc659bb82bfb5a5d4c1576
https://conda.anaconda.org/conda-forge/noarch/parso-0.8.4-pyhd8ed1ab_0.conda#81534b420deb77da8833f2289b8d47ac
https://conda.anaconda.org/conda-forge/noarch/pickleshare-0.7.5-py_1003.tar.bz2#415f0ebb6198cc2801c73438a9fb5761
https://conda.anaconda.org/conda-forge/noarch/pkgutil-resolve-name-1.3.10-pyhd8ed1ab_1.conda#405678b942f2481cecdb3e010f4925d9
https://conda.anaconda.org/conda-forge/noarch/platformdirs-4.3.6-pyhd8ed1ab_0.conda#fd8f2b18b65bbf62e8f653100690c8d2
https://conda.anaconda.org/conda-forge/noarch/pluggy-1.5.0-pyhd8ed1ab_0.conda#d3483c8fc2dc2cc3f5cf43e26d60cabf
https://conda.anaconda.org/conda-forge/osx-arm64/portalocker-2.10.1-py312h81bd7bf_1.conda#51fe9087c088541eb88cd033a2f7857e
https://conda.anaconda.org/conda-forge/noarch/prometheus_client-0.21.0-pyhd8ed1ab_0.conda#07e9550ddff45150bfc7da146268e165
https://conda.anaconda.org/conda-forge/osx-arm64/psutil-6.1.0-py312h0bf5046_0.conda#61566f5c6e1d29d1d12882eb93e28532
https://conda.anaconda.org/conda-forge/noarch/ptyprocess-0.7.0-pyhd3deb0d_0.tar.bz2#359eeb6536da0e687af562ed265ec263
https://conda.anaconda.org/conda-forge/noarch/pure_eval-0.2.3-pyhd8ed1ab_0.conda#0f051f09d992e0d08941706ad519ee0e
https://conda.anaconda.org/conda-forge/noarch/py-cpuinfo-9.0.0-pyhd8ed1ab_0.tar.bz2#6f6d42b894118f8378fce11887ccdaff
https://conda.anaconda.org/conda-forge/noarch/pycparser-2.22-pyhd8ed1ab_0.conda#844d9eb3b43095b031874477f7d70088
https://conda.anaconda.org/conda-forge/noarch/pygments-2.18.0-pyhd8ed1ab_0.conda#b7f5c092b8f9800150d998a71b76d5a1
https://conda.anaconda.org/conda-forge/noarch/pyparsing-3.2.0-pyhd8ed1ab_1.conda#035c17fbf099f50ff60bf2eb303b0a83
https://conda.anaconda.org/conda-forge/noarch/pysocks-1.7.1-pyha2e5f31_6.tar.bz2#2a7de29fb590ca14b5243c4c812c8025
https://conda.anaconda.org/conda-forge/noarch/python-fastjsonschema-2.20.0-pyhd8ed1ab_0.conda#b98d2018c01ce9980c03ee2850690fab
https://conda.anaconda.org/conda-forge/noarch/python-json-logger-2.0.7-pyhd8ed1ab_0.conda#a61bf9ec79426938ff785eb69dbb1960
https://conda.anaconda.org/conda-forge/noarch/python-tzdata-2024.2-pyhd8ed1ab_0.conda#986287f89929b2d629bd6ef6497dc307
https://conda.anaconda.org/conda-forge/noarch/pytz-2024.1-pyhd8ed1ab_0.conda#3eeeeb9e4827ace8c0c1419c85d590ad
https://conda.anaconda.org/conda-forge/osx-arm64/pyyaml-6.0.2-py312h024a12e_1.conda#1ee23620cf46cb15900f70a1300bae55
https://conda.anaconda.org/conda-forge/noarch/rfc3986-validator-0.1.1-pyh9f0ad1d_0.tar.bz2#912a71cc01012ee38e6b90ddd561e36f
https://conda.anaconda.org/conda-forge/osx-arm64/rpds-py-0.21.0-py312hcd83bfe_0.conda#8ea53395d5403ae5ec1adabb1a74719a
https://conda.anaconda.org/conda-forge/osx-arm64/ruff-0.7.3-py312h5d18b81_0.conda#de5609bb3e7206efea3c0fce458d9c8f
https://conda.anaconda.org/conda-forge/noarch/setuptools-75.3.0-pyhd8ed1ab_0.conda#2ce9825396daf72baabaade36cee16da
https://conda.anaconda.org/conda-forge/noarch/six-1.16.0-pyh6c4a22f_0.tar.bz2#e5f25f8dbc060e9a8d912e432202afc2
https://conda.anaconda.org/conda-forge/noarch/sniffio-1.3.1-pyhd8ed1ab_0.conda#490730480d76cf9c8f8f2849719c6e2b
https://conda.anaconda.org/conda-forge/noarch/snowballstemmer-2.2.0-pyhd8ed1ab_0.tar.bz2#4d22a9315e78c6827f806065957d566e
https://conda.anaconda.org/conda-forge/noarch/soupsieve-2.5-pyhd8ed1ab_1.conda#3f144b2c34f8cb5a9abd9ed23a39c561
https://conda.anaconda.org/conda-forge/noarch/sphinx_bootstrap_theme-0.8.1-pyhd8ed1ab_0.tar.bz2#6d1e1ad812c9991b6da549caa00d3771
https://conda.anaconda.org/conda-forge/noarch/sphinxcontrib-jsmath-1.0.1-pyhd8ed1ab_0.conda#da1d979339e2714c30a8e806a33ec087
https://conda.anaconda.org/conda-forge/noarch/tabulate-0.9.0-pyhd8ed1ab_1.tar.bz2#4759805cce2d914c38472f70bf4d8bcb
https://conda.anaconda.org/conda-forge/noarch/tenacity-9.0.0-pyhd8ed1ab_0.conda#42af51ad3b654ece73572628ad2882ae
https://conda.anaconda.org/conda-forge/noarch/toml-0.10.2-pyhd8ed1ab_0.tar.bz2#f832c45a477c78bebd107098db465095
https://conda.anaconda.org/conda-forge/noarch/tomli-2.1.0-pyhff2d567_0.conda#3fa1089b4722df3a900135925f4519d9
https://conda.anaconda.org/conda-forge/osx-arm64/tornado-6.4.1-py312h024a12e_1.conda#967bc97bb9e258993289546479af971f
https://conda.anaconda.org/conda-forge/noarch/traitlets-5.14.3-pyhd8ed1ab_0.conda#3df84416a021220d8b5700c613af2dc5
https://conda.anaconda.org/conda-forge/noarch/types-python-dateutil-2.9.0.20241003-pyhff2d567_0.conda#3d326f8a2aa2d14d51d8c513426b5def
https://conda.anaconda.org/conda-forge/noarch/typing_extensions-4.12.2-pyha770c72_0.conda#ebe6952715e1d5eb567eeebf25250fa7
https://conda.anaconda.org/conda-forge/noarch/typing_utils-0.1.0-pyhd8ed1ab_0.tar.bz2#eb67e3cace64c66233e2d35949e20f92
https://conda.anaconda.org/conda-forge/noarch/uc-micro-py-1.0.3-pyhd8ed1ab_0.conda#3b7fc78d7be7b450952aaa916fb78877
https://conda.anaconda.org/conda-forge/osx-arm64/unicodedata2-15.1.0-py312h0bf5046_1.conda#eda2082df9c9c6259af246424b7f3db1
https://conda.anaconda.org/conda-forge/noarch/uri-template-1.3.0-pyhd8ed1ab_0.conda#0944dc65cb4a9b5b68522c3bb585d41c
https://conda.anaconda.org/conda-forge/noarch/wcwidth-0.2.13-pyhd8ed1ab_0.conda#68f0738df502a14213624b288c60c9ad
https://conda.anaconda.org/conda-forge/noarch/webcolors-24.8.0-pyhd8ed1ab_0.conda#eb48b812eb4fbb9ff238a6651fdbbcae
https://conda.anaconda.org/conda-forge/noarch/webencodings-0.5.1-pyhd8ed1ab_2.conda#daf5160ff9cde3a468556965329085b9
https://conda.anaconda.org/conda-forge/noarch/websocket-client-1.8.0-pyhd8ed1ab_0.conda#f372c576b8774922da83cda2b12f9d29
https://conda.anaconda.org/conda-forge/noarch/wheel-0.45.0-pyhd8ed1ab_0.conda#f9751d7c71df27b2d29f5cab3378982e
https://conda.anaconda.org/conda-forge/noarch/widgetsnbextension-4.0.13-pyhd8ed1ab_0.conda#6372cd99502721bd7499f8d16b56268d
https://conda.anaconda.org/conda-forge/noarch/xyzservices-2024.9.0-pyhd8ed1ab_0.conda#156c91e778c1d4d57b709f8c5333fd06
https://conda.anaconda.org/conda-forge/osx-arm64/zeromq-4.3.5-hc1bb282_7.conda#f7e6b65943cb73bce0143737fded08f1
https://conda.anaconda.org/conda-forge/noarch/zipp-3.21.0-pyhd8ed1ab_0.conda#fee389bf8a4843bd7a2248ce11b7f188
https://conda.anaconda.org/conda-forge/noarch/accessible-pygments-0.0.5-pyhd8ed1ab_0.conda#1bb1ef9806a9a20872434f58b3e7fc1a
https://conda.anaconda.org/conda-forge/noarch/anyio-4.6.2.post1-pyhd8ed1ab_0.conda#688697ec5e9588bdded167d19577625b
https://conda.anaconda.org/conda-forge/noarch/astropy-sphinx-theme-1.1-pyhd8ed1ab_0.conda#9941dc6d227213c20be1a1f45bdf1102
https://conda.anaconda.org/conda-forge/noarch/asttokens-2.4.1-pyhd8ed1ab_0.conda#5f25798dcefd8252ce5f9dc494d5f571
https://conda.anaconda.org/conda-forge/noarch/async-lru-2.0.4-pyhd8ed1ab_0.conda#3d081de3a6ea9f894bbb585e8e3a4dcb
https://conda.anaconda.org/conda-forge/noarch/babel-2.16.0-pyhd8ed1ab_0.conda#6d4e9ecca8d88977147e109fc7053184
https://conda.anaconda.org/conda-forge/noarch/beautifulsoup4-4.12.3-pyha770c72_0.conda#332493000404d8411859539a5a630865
https://conda.anaconda.org/conda-forge/noarch/bleach-6.2.0-pyhd8ed1ab_0.conda#461bcfab8e65c166e297222ae919a2d4
https://conda.anaconda.org/conda-forge/noarch/cached-property-1.5.2-hd8ed1ab_1.tar.bz2#9b347a7ec10940d3f7941ff6c460b551
https://conda.anaconda.org/conda-forge/osx-arm64/cairo-1.18.0-hb4a6bf7_3.conda#08bd0752f3de8a2d8a35fd012f09531f
https://conda.anaconda.org/conda-forge/osx-arm64/cffi-1.17.1-py312h0fad829_0.conda#19a5456f72f505881ba493979777b24e
https://conda.anaconda.org/conda-forge/noarch/comm-0.2.2-pyhd8ed1ab_0.conda#948d84721b578d426294e17a02e24cbb
https://conda.anaconda.org/conda-forge/noarch/commonmark-0.9.1-py_0.tar.bz2#6aa0173c14befcd577ded130cf6f22f5
https://conda.anaconda.org/conda-forge/osx-arm64/coverage-7.6.5-py312h998013c_1.conda#91f152c5bc3fcfb1178db3d69b81c420
https://conda.anaconda.org/conda-forge/noarch/dot2tex-2.11.3-pyhd8ed1ab_0.tar.bz2#fb28e38d17dee34abc13cf6ad916534a
https://conda.anaconda.org/conda-forge/osx-arm64/fonttools-4.55.0-py312h998013c_0.conda#b009bb8037e769ff4fd6439642268ecb
https://conda.anaconda.org/conda-forge/osx-arm64/gmpy2-2.1.5-py312h87fada9_2.conda#2f3497178aaeec7e4811bc8a2426cae8
https://conda.anaconda.org/conda-forge/noarch/h11-0.14.0-pyhd8ed1ab_0.tar.bz2#b21ed0883505ba1910994f1df031a428
https://conda.anaconda.org/conda-forge/noarch/h2-4.1.0-pyhd8ed1ab_0.tar.bz2#b748fbf7060927a6e82df7cb5ee8f097
https://conda.anaconda.org/conda-forge/osx-arm64/hdf5-1.14.3-nompi_hec07895_105.conda#f9c8c7304d52c8846eab5d6c34219812
https://conda.anaconda.org/conda-forge/noarch/importlib-metadata-8.5.0-pyha770c72_0.conda#54198435fce4d64d8a89af22573012a8
https://conda.anaconda.org/conda-forge/noarch/importlib_resources-6.4.5-pyhd8ed1ab_0.conda#c808991d29b9838fb4d96ce8267ec9ec
https://conda.anaconda.org/conda-forge/noarch/jedi-0.19.2-pyhff2d567_0.conda#11ead81b00e0f7cc901fceb7ccfb92c1
https://conda.anaconda.org/conda-forge/noarch/jinja2-3.1.4-pyhd8ed1ab_0.conda#7b86ecb7d3557821c649b3c31e3eb9f2
https://conda.anaconda.org/conda-forge/noarch/jupyter_core-5.7.2-pyh31011fe_1.conda#0a2980dada0dd7fd0998f0342308b1b1
https://conda.anaconda.org/conda-forge/noarch/jupyterlab_pygments-0.3.0-pyhd8ed1ab_1.conda#afcd1b53bcac8844540358e33f33d28f
https://conda.anaconda.org/conda-forge/noarch/latexcodec-2.0.1-pyh9f0ad1d_0.tar.bz2#8d67904973263afd2985ba56aa2d6bb4
https://conda.anaconda.org/conda-forge/osx-arm64/libblas-3.9.0-25_osxarm64_openblas.conda#f8cf4d920ff36ce471619010eff59cac
https://conda.anaconda.org/conda-forge/osx-arm64/libgd-2.3.3-hac1b3a8_10.conda#c9e450ce5ced76f107c494fbd37325f5
https://conda.anaconda.org/conda-forge/noarch/linkify-it-py-2.0.3-pyhd8ed1ab_0.conda#f1b64ca4faf563605cf6f6ca93f9ff3f
https://conda.anaconda.org/conda-forge/noarch/markdown-it-py-3.0.0-pyhd8ed1ab_0.conda#93a8e71256479c62074356ef6ebf501b
https://conda.anaconda.org/conda-forge/noarch/matplotlib-inline-0.1.7-pyhd8ed1ab_0.conda#779345c95648be40d22aaa89de7d4254
https://conda.anaconda.org/conda-forge/noarch/overrides-7.7.0-pyhd8ed1ab_0.conda#24fba5a9d161ad8103d4e84c0e1a3ed4
https://conda.anaconda.org/conda-forge/noarch/pexpect-4.9.0-pyhd8ed1ab_0.conda#629f3203c99b32e0988910c93e77f3b6
https://conda.anaconda.org/conda-forge/osx-arm64/pillow-11.0.0-py312haf37ca6_0.conda#dc9b51fbd2b6f7fea9b5123458864dbb
https://conda.anaconda.org/conda-forge/noarch/pip-24.3.1-pyh8b19718_0.conda#5dd546fe99b44fda83963d15f84263b7
https://conda.anaconda.org/conda-forge/noarch/plotly-5.24.1-pyhd8ed1ab_0.conda#81bb643d6c3ab4cbeaf724e9d68d0a6a
https://conda.anaconda.org/conda-forge/noarch/prompt-toolkit-3.0.48-pyha770c72_0.conda#4c05134c48b6a74f33bbb9938e4a115e
https://conda.anaconda.org/conda-forge/osx-arm64/pyobjc-core-10.3.1-py312hd24fc31_1.conda#1533727287f098e669d75f9c54dc1601
https://conda.anaconda.org/conda-forge/noarch/pytest-8.3.3-pyhd8ed1ab_0.conda#c03d61f31f38fdb9facf70c29958bf7a
https://conda.anaconda.org/conda-forge/noarch/python-dateutil-2.9.0-pyhd8ed1ab_0.conda#2cf4264fffb9e6eff6031c5b6884d61c
https://conda.anaconda.org/conda-forge/noarch/pyviz_comms-3.0.3-pyhd8ed1ab_0.conda#02b4e3a3014c1ac490ee4a4316f2d229
https://conda.anaconda.org/conda-forge/osx-arm64/pyzmq-26.2.0-py312hf8a1cbd_3.conda#7bdaa4c2a84b744ef26c8b2ba65c3d0e
https://conda.anaconda.org/conda-forge/noarch/referencing-0.35.1-pyhd8ed1ab_0.conda#0fc8b52192a8898627c3efae1003e9f6
https://conda.anaconda.org/conda-forge/noarch/rfc3339-validator-0.1.4-pyhd8ed1ab_0.tar.bz2#fed45fc5ea0813240707998abe49f520
https://conda.anaconda.org/conda-forge/noarch/snakeviz-2.2.2-pyhd8ed1ab_0.conda#3026a4b3e26761987258d09101514dd0
https://conda.anaconda.org/conda-forge/noarch/terminado-0.18.1-pyh31c8845_0.conda#00b54981b923f5aefcd5e8547de056d5
https://conda.anaconda.org/conda-forge/noarch/tinycss2-1.4.0-pyhd8ed1ab_0.conda#f1acf5fdefa8300de697982bcb1761c9
https://conda.anaconda.org/conda-forge/noarch/tqdm-4.67.0-pyhd8ed1ab_0.conda#196a9e6ab4e036ceafa516ea036619b0
https://conda.anaconda.org/conda-forge/noarch/typing-extensions-4.12.2-hd8ed1ab_0.conda#52d648bd608f5737b123f510bb5514b5
https://conda.anaconda.org/conda-forge/osx-arm64/argon2-cffi-bindings-21.2.0-py312h024a12e_5.conda#6ccaeafe1a52b0d0e7ebfbf53a374649
https://conda.anaconda.org/conda-forge/noarch/arrow-1.3.0-pyhd8ed1ab_0.conda#b77d8c2313158e6e461ca0efb1c2c508
https://conda.anaconda.org/conda-forge/noarch/fqdn-1.5.1-pyhd8ed1ab_0.tar.bz2#642d35437078749ef23a5dca2c9bb1f3
https://conda.anaconda.org/conda-forge/osx-arm64/harfbuzz-9.0.0-h997cde5_1.conda#50f6825d3c4a6fca6fefdefa98081554
https://conda.anaconda.org/conda-forge/noarch/httpcore-1.0.6-pyhd8ed1ab_0.conda#b8e1901ef9a215fc41ecfb6bef7e0943
https://conda.anaconda.org/conda-forge/noarch/importlib_metadata-8.5.0-hd8ed1ab_0.conda#2a92e152208121afadf85a5e1f3a5f4d
https://conda.anaconda.org/conda-forge/noarch/jsonschema-specifications-2024.10.1-pyhd8ed1ab_0.conda#720745920222587ef942acfbc578b584
https://conda.anaconda.org/conda-forge/noarch/jupyter_client-8.6.3-pyhd8ed1ab_0.conda#a14218cfb29662b4a19ceb04e93e298e
https://conda.anaconda.org/conda-forge/noarch/jupyter_server_terminals-0.5.3-pyhd8ed1ab_0.conda#219b3833aa8ed91d47d1be6ca03f30be
https://conda.anaconda.org/conda-forge/osx-arm64/libcblas-3.9.0-25_osxarm64_openblas.conda#4df0fae81f0b5bf47d48c882b086da11
https://conda.anaconda.org/conda-forge/osx-arm64/liblapack-3.9.0-25_osxarm64_openblas.conda#19bbddfec972d401838330453186108d
https://conda.anaconda.org/conda-forge/noarch/markdown-3.6-pyhd8ed1ab_0.conda#06e9bebf748a0dea03ecbe1f0e27e909
https://conda.anaconda.org/conda-forge/noarch/mdit-py-plugins-0.4.2-pyhd8ed1ab_0.conda#5387f2cfa28f8a3afa3368bb4ba201e8
https://conda.anaconda.org/conda-forge/noarch/pbr-6.1.0-pyhd8ed1ab_0.conda#5a166b998fd17cdaaaadaccdd71a363f
https://conda.anaconda.org/conda-forge/noarch/pybtex-0.24.0-pyhd8ed1ab_2.tar.bz2#2099b86a7399c44c0c61cdb6de6915ba
https://conda.anaconda.org/conda-forge/osx-arm64/pyobjc-framework-cocoa-10.3.1-py312hd24fc31_1.conda#b1c63f8abafc9530a9259e0d6a70e984
https://conda.anaconda.org/conda-forge/noarch/pytest-cov-6.0.0-pyhd8ed1ab_0.conda#cb8a11b6d209e3d85e5094bdbd9ebd9c
https://conda.anaconda.org/conda-forge/noarch/pytest-doctestplus-1.2.1-pyhd8ed1ab_0.conda#7aa60393604ac35f03ee479158d7269a
https://conda.anaconda.org/conda-forge/noarch/pytest-metadata-3.1.1-pyhd8ed1ab_0.conda#52b91ecba854d55b28ad916a8b10da24
https://conda.anaconda.org/conda-forge/noarch/setuptools-scm-8.1.0-pyhd8ed1ab_0.conda#ba9f7f0ec4f2a18de3e7bce67c4a431e
https://conda.anaconda.org/conda-forge/osx-arm64/sqlalchemy-2.0.36-py312h0bf5046_0.conda#4277872c4a5bd158c1d956459efc62e6
https://conda.anaconda.org/conda-forge/noarch/stack_data-0.6.2-pyhd8ed1ab_0.conda#e7df0fdd404616638df5ece6e69ba7af
https://conda.anaconda.org/conda-forge/noarch/sympy-1.13.3-pyh2585a3b_104.conda#68085d736d2b2f54498832b65059875d
https://conda.anaconda.org/conda-forge/osx-arm64/watchfiles-0.24.0-py312he431725_1.conda#7fd741404e6fcab22a988ee6742dc778
https://conda.anaconda.org/conda-forge/osx-arm64/zstandard-0.23.0-py312h15fbf35_1.conda#a4cde595509a7ad9c13b1a3809bcfe51
https://conda.anaconda.org/conda-forge/noarch/argon2-cffi-23.1.0-pyhd8ed1ab_0.conda#3afef1f55a1366b4d3b6a0d92e2235e4
https://conda.anaconda.org/conda-forge/noarch/httpx-0.27.2-pyhd8ed1ab_0.conda#7e9ac3faeebdbd7b53b462c41891e7f7
https://conda.anaconda.org/conda-forge/noarch/ipython-8.29.0-pyh707e725_0.conda#56db21d7d51410fcfbfeca3d1a6b4269
https://conda.anaconda.org/conda-forge/noarch/isoduration-20.11.0-pyhd8ed1ab_0.tar.bz2#4cb68948e0b8429534380243d063a27a
https://conda.anaconda.org/conda-forge/noarch/jsonschema-4.23.0-pyhd8ed1ab_0.conda#da304c192ad59975202859b367d0f6a2
https://conda.anaconda.org/conda-forge/osx-arm64/numpy-2.0.2-py312h801f5e3_0.conda#88a5aeebbe22894f3819966da7130998
https://conda.anaconda.org/conda-forge/osx-arm64/pango-1.54.0-h9ee27a3_2.conda#af2a2118261adf2d7a350d6767b450f2
https://conda.anaconda.org/conda-forge/osx-arm64/pybtex-docutils-1.0.3-py312h81bd7bf_2.conda#573f5bef5c0b4ea1405e78e941a29284
https://conda.anaconda.org/conda-forge/noarch/pytest-html-4.1.1-pyhd8ed1ab_0.conda#4d2040212307d18392a2687772b3a96d
https://conda.anaconda.org/conda-forge/noarch/send2trash-1.8.3-pyh31c8845_0.conda#c3cb67fc72fb38020fe7923dbbcf69b0
https://conda.anaconda.org/conda-forge/noarch/setuptools_scm-8.1.0-hd8ed1ab_0.conda#7ed7b077f6c6ebcb5fc66f23985df487
https://conda.anaconda.org/conda-forge/noarch/sphinxcontrib-apidoc-0.3.0-py_1.tar.bz2#855b087883443abb10f5faf6eef40860
https://conda.anaconda.org/conda-forge/noarch/urllib3-2.2.3-pyhd8ed1ab_0.conda#6b55867f385dd762ed99ea687af32a69
https://conda.anaconda.org/conda-forge/osx-arm64/contourpy-1.3.1-py312hb23fbb9_0.conda#f4408290387836e05ac267cd7ec80c5c
https://conda.anaconda.org/conda-forge/osx-arm64/gtk2-2.24.33-h91d5085_5.conda#23558d38b8e80959b74cfe83acad7c66
https://conda.anaconda.org/conda-forge/osx-arm64/h5py-3.12.1-nompi_py312h3cd0824_102.conda#b423e1049bda5e69a23304ac392baed5
https://conda.anaconda.org/conda-forge/noarch/ipykernel-6.29.5-pyh57ce528_0.conda#9eb15d654daa0ef5a98802f586bb4ffc
https://conda.anaconda.org/conda-forge/noarch/ipywidgets-8.1.5-pyhd8ed1ab_0.conda#a022d34163147d16b27de86dc53e93fc
https://conda.anaconda.org/conda-forge/noarch/jsonschema-with-format-nongpl-4.23.0-hd8ed1ab_0.conda#16b37612b3a2fd77f409329e213b530c
https://conda.anaconda.org/conda-forge/osx-arm64/librsvg-2.58.4-h40956f1_0.conda#27c333944e11caae7bc3a35178d32ac5
https://conda.anaconda.org/conda-forge/noarch/nbformat-5.10.4-pyhd8ed1ab_0.conda#0b57b5368ab7fc7cdc9e3511fa867214
https://conda.anaconda.org/conda-forge/osx-arm64/numba-0.60.0-py312h41cea2d_0.conda#deed63e07bfe8494e806baccc9d7fd1b
https://conda.anaconda.org/conda-forge/osx-arm64/numexpr-2.10.1-py312hd9debc8_3.conda#e23f7233eefdb0095e16079ac7094b12
https://conda.anaconda.org/conda-forge/osx-arm64/pandas-2.2.3-py312hcd31e36_1.conda#c68bfa69e6086c381c74e16fd72613a8
https://conda.anaconda.org/conda-forge/osx-arm64/pyerfa-2.0.1.5-py312he0011b7_0.conda#1efffe5cf538b3315285f8ffc208a4a7
https://conda.anaconda.org/conda-forge/noarch/requests-2.32.3-pyhd8ed1ab_0.conda#5ede4753180c7a550a443c430dc8ab52
https://conda.anaconda.org/conda-forge/osx-arm64/scipy-1.14.1-py312h20deb59_1.conda#c60ad657cccb6c2b97513f87ae27f47a
https://conda.anaconda.org/conda-forge/osx-arm64/astropy-6.1.6-py312he0011b7_0.conda#37458d3f6cd9e5975b9003b97e234fcd
https://conda.anaconda.org/conda-forge/noarch/bokeh-3.6.1-pyhd8ed1ab_0.conda#e88d74bb7b9b89d4c9764286ceb94cc9
https://conda.anaconda.org/conda-forge/osx-arm64/graphviz-12.0.0-hbf8cc41_0.conda#29c0dcbd4ec7135b7a55805aa3a5a331
https://conda.anaconda.org/conda-forge/noarch/jupyter_events-0.10.0-pyhd8ed1ab_0.conda#ed45423c41b3da15ea1df39b1f80c2ca
https://conda.anaconda.org/conda-forge/osx-arm64/matplotlib-base-3.9.2-py312h9bd0bc6_2.conda#faf7592748a40887a1a80424f136bf86
https://conda.anaconda.org/conda-forge/noarch/nbclient-0.10.0-pyhd8ed1ab_0.conda#15b51397e0fe8ea7d7da60d83eb76ebc
https://conda.anaconda.org/conda-forge/osx-arm64/pytables-3.10.1-py312h36a7e55_1.conda#7fad95c7479c9fd6745f5a9b95d71117
https://conda.anaconda.org/conda-forge/noarch/jupyter-cache-1.0.0-pyhd8ed1ab_0.conda#b667cf7b57baa559f628d374f017fa32
https://conda.anaconda.org/conda-forge/noarch/nbconvert-core-7.16.4-pyhd8ed1ab_1.conda#e2d2abb421c13456a9a9f80272fdf543
https://conda.anaconda.org/conda-forge/noarch/panel-1.5.4-pyhd8ed1ab_0.conda#41c7413071c2bae37472214a3525e6bf
https://conda.anaconda.org/conda-forge/osx-arm64/pygraphviz-1.14-py312h1fbede1_0.conda#52e4b69726aa9e114f8a6fa24bd643d2
https://conda.anaconda.org/conda-forge/noarch/radioactivedecay-0.5.1-pyhd8ed1ab_0.conda#9fc71a62309a874f06c90dac73fa0db5
https://conda.anaconda.org/conda-forge/noarch/jupyter_server-2.14.2-pyhd8ed1ab_0.conda#ca23c71f70a7c7935b3d03f0f1a5801d
https://conda.anaconda.org/conda-forge/noarch/nbconvert-pandoc-7.16.4-hd8ed1ab_1.conda#37cec2cf68f4c09563d8bc833791096b
https://conda.anaconda.org/conda-forge/noarch/jupyter-lsp-2.2.5-pyhd8ed1ab_0.conda#885867f6adab3d7ecdf8ab6ca0785f51
https://conda.anaconda.org/conda-forge/noarch/jupyterlab_server-2.27.3-pyhd8ed1ab_0.conda#af8239bf1ba7e8c69b689f780f653488
https://conda.anaconda.org/conda-forge/noarch/nbconvert-7.16.4-hd8ed1ab_1.conda#ab83e3b9ca2b111d8f332e9dc8b2170f
https://conda.anaconda.org/conda-forge/noarch/notebook-shim-0.2.4-pyhd8ed1ab_0.conda#3d85618e2c97ab896b5b5e298d32b5b3
https://conda.anaconda.org/conda-forge/noarch/jupyterlab-4.2.5-pyhd8ed1ab_0.conda#594762eddc55b82feac6097165a88e3c
https://conda.anaconda.org/conda-forge/noarch/notebook-7.2.2-pyhd8ed1ab_0.conda#c4d5a58f43ce9ffa430e6ecad6c30a42
https://conda.anaconda.org/conda-forge/noarch/myst-parser-4.0.0-pyhd8ed1ab_0.conda#ea5aa87c2aa98c233933dcca849e0f61
https://conda.anaconda.org/conda-forge/noarch/myst-nb-1.1.2-pyhd8ed1ab_0.conda#38e1b2f0f62e9976cf9fe54a54258e3c
https://conda.anaconda.org/conda-forge/noarch/nbsphinx-0.9.5-pyhd8ed1ab_0.conda#b808b8a0494c5cca76200c73e260a060
https://conda.anaconda.org/conda-forge/noarch/numpydoc-1.8.0-pyhd8ed1ab_0.conda#0a5522bdd3983c52102e75d1307ad8c4
https://conda.anaconda.org/conda-forge/noarch/pydata-sphinx-theme-0.15.4-pyhd8ed1ab_0.conda#c7c50dd5192caa58a05e6a4248a27acb
https://conda.anaconda.org/conda-forge/noarch/recommonmark-0.7.1-pyhd8ed1ab_0.tar.bz2#b3becf9905b8c7ba839072f65e693253
https://conda.anaconda.org/conda-forge/noarch/sphinx-automodapi-0.18.0-pyh91182bf_0.conda#4081e89f890cd7b12299e4d2ad3fa718
https://conda.anaconda.org/conda-forge/noarch/sphinx-copybutton-0.5.2-pyhd8ed1ab_0.conda#ac832cc43adc79118cf6e23f1f9b8995
https://conda.anaconda.org/conda-forge/noarch/sphinx-design-0.6.1-pyhd8ed1ab_1.conda#db0f1eb28b6df3a11e89437597309009
https://conda.anaconda.org/conda-forge/noarch/sphinx-gallery-0.18.0-pyhd8ed1ab_0.conda#dc78276cbf5ec23e4b959d1bbd9caadb
https://conda.anaconda.org/conda-forge/noarch/sphinx-jsonschema-1.19.1-pyhd8ed1ab_0.tar.bz2#d340bddca07283d3362b0e46b1791568
https://conda.anaconda.org/conda-forge/noarch/sphinxcontrib-applehelp-2.0.0-pyhd8ed1ab_0.conda#9075bd8c033f0257122300db914e49c9
https://conda.anaconda.org/conda-forge/noarch/sphinxcontrib-bibtex-2.6.3-pyhd8ed1ab_0.conda#2925be8d19542dd116775f1b9c55bb50
https://conda.anaconda.org/conda-forge/noarch/sphinxcontrib-devhelp-2.0.0-pyhd8ed1ab_0.conda#b3bcc38c471ebb738854f52a36059b48
https://conda.anaconda.org/conda-forge/noarch/sphinxcontrib-htmlhelp-2.1.0-pyhd8ed1ab_0.conda#e25640d692c02e8acfff0372f547e940
https://conda.anaconda.org/conda-forge/noarch/sphinxcontrib-jquery-4.1-pyhd8ed1ab_0.conda#914897066d5873acfb13e75705276ad1
https://conda.anaconda.org/conda-forge/noarch/sphinx-astropy-1.9.1-pyhd8ed1ab_0.conda#b6a0939e7b6b3a854b8c8f04606da1a7
https://conda.anaconda.org/conda-forge/noarch/sphinx_rtd_theme-3.0.1-pyha770c72_0.conda#740536f8a54250b1964e494c0bf5c9c3
https://conda.anaconda.org/conda-forge/noarch/sphinxcontrib-qthelp-2.0.0-pyhd8ed1ab_0.conda#d6e5ea5fe00164ac6c2dcc5d76a42192
https://conda.anaconda.org/conda-forge/noarch/sphinx-8.1.3-pyhd8ed1ab_0.conda#05706dd5a145a9c91861495cd435409a
https://conda.anaconda.org/conda-forge/noarch/sphinxcontrib-serializinghtml-1.1.10-pyhd8ed1ab_0.conda#e507335cb4ca9cff4c3d0fa9cdab255e
https://conda.anaconda.org/conda-forge/noarch/sphinxext-rediraffe-0.2.7-pyhd8ed1ab_1.conda#5a4b4ceef907d21f4684f5ea5d2622df
https://conda.anaconda.org/pyviz/noarch/nbsite-0.8.6-py_0.tar.bz2#0b5dfa7811e342e5641990e1dc624921
# pip qgridnext @ https://files.pythonhosted.org/packages/bd/9c/133709f00aea48328bd1efc66a1c961a61a66aab344e07077aace2ad113b/qgridnext-2.0.4-py3-none-any.whl#sha256=83692cd8f3b8515f2d0f3488b9e9944c180398ab4bae75fc6c83402ba3a9b9fb
