# Generated by conda-lock.
# platform: osx-64
# input_hash: 873cc44d2e91cf2b7e6afed2d04a1f1de7f303d00dad05f1ce8db42af2140879
@EXPLICIT
https://conda.anaconda.org/conda-forge/osx-64/bzip2-1.0.8-h0d85af4_4.tar.bz2#37edc4e6304ca87316e160f5ca0bd1b5
https://conda.anaconda.org/conda-forge/osx-64/c-ares-1.19.1-h0dc2134_0.conda#b3e62631b4e1b9801477523ce1d6f355
https://conda.anaconda.org/conda-forge/osx-64/ca-certificates-2023.5.7-h8857fd0_0.conda#b704e4b79ba0d887c4870b7b09d6a4df
https://conda.anaconda.org/conda-forge/noarch/font-ttf-dejavu-sans-mono-2.37-hab24e00_0.tar.bz2#0c96522c6bdaed4b1566d11387caaf45
https://conda.anaconda.org/conda-forge/noarch/font-ttf-inconsolata-3.000-h77eed37_0.tar.bz2#34893075a5c9e55cdafac56607368fc6
https://conda.anaconda.org/conda-forge/noarch/font-ttf-source-code-pro-2.038-h77eed37_0.tar.bz2#4d59c254e01d9cde7957100457e2d5fb
https://conda.anaconda.org/conda-forge/noarch/font-ttf-ubuntu-0.83-hab24e00_0.tar.bz2#19410c3df09dfb12d1206132a1d357c5
https://conda.anaconda.org/conda-forge/osx-64/fribidi-1.0.10-hbcb3906_0.tar.bz2#f1c6b41e0f56998ecd9a3e210faa1dc0
https://conda.anaconda.org/conda-forge/osx-64/giflib-5.2.1-hb7f2c08_3.conda#aca150b0186836f893ebac79019e5498
https://conda.anaconda.org/conda-forge/osx-64/git-lfs-3.3.0-h694c41f_0.conda#b282a7c6142993521d8c14c01231269b
https://conda.anaconda.org/conda-forge/osx-64/icu-72.1-h7336db1_0.conda#c9689510a50a4bb2ae978421671a125e
https://conda.anaconda.org/conda-forge/osx-64/jpeg-9e-hb7f2c08_3.conda#6b55131ae9445ef38746dc6b080acda9
https://conda.anaconda.org/conda-forge/osx-64/libbrotlicommon-1.0.9-hb7f2c08_8.tar.bz2#37157d273eaf3bc7d6862104161d9ec9
https://conda.anaconda.org/conda-forge/osx-64/libcxx-16.0.6-hd57cbcb_0.conda#7d6972792161077908b62971802f289a
https://conda.anaconda.org/conda-forge/osx-64/libdeflate-1.18-hac1461d_0.conda#3d131584456b277ce0871e6481fde49b
https://conda.anaconda.org/conda-forge/osx-64/libev-4.33-haf1e3a3_1.tar.bz2#79dc2be110b2a3d1e97ec21f691c50ad
https://conda.anaconda.org/conda-forge/osx-64/libexpat-2.5.0-hf0c8a7f_1.conda#6c81cb022780ee33435cca0127dd43c9
https://conda.anaconda.org/conda-forge/osx-64/libffi-3.4.2-h0d85af4_5.tar.bz2#ccb34fb14960ad8b125962d3d79b31a9
https://conda.anaconda.org/conda-forge/osx-64/libiconv-1.17-hac89ed1_0.tar.bz2#691d103d11180486154af49c037b7ed9
https://conda.anaconda.org/conda-forge/osx-64/libjpeg-turbo-2.1.5.1-hb7f2c08_0.conda#d7309a152b9b79799063b8bb47e34a3a
https://conda.anaconda.org/conda-forge/osx-64/libsodium-1.0.18-hbcb3906_1.tar.bz2#24632c09ed931af617fe6d5292919cab
https://conda.anaconda.org/conda-forge/osx-64/libtool-2.4.7-hf0c8a7f_0.conda#1f87b8f56ae1210c77f6133705ef24af
https://conda.anaconda.org/conda-forge/osx-64/libwebp-base-1.3.0-hb7f2c08_0.conda#18981e4c840126d6118d8952485fea51
https://conda.anaconda.org/conda-forge/osx-64/libzlib-1.2.13-h8a1eda9_5.conda#4a3ad23f6e16f99c04e166767193d700
https://conda.anaconda.org/conda-forge/osx-64/llvm-openmp-16.0.6-hff08bdf_0.conda#39a5227d906f75102bf8586741690128
https://conda.anaconda.org/conda-forge/osx-64/ncurses-6.4-hf0c8a7f_0.conda#c3dbae2411164d9b02c69090a9a91857
https://conda.anaconda.org/conda-forge/osx-64/pixman-0.40.0-hbcb3906_0.tar.bz2#09a583a6f172715be21d93aaa1b42d71
https://conda.anaconda.org/conda-forge/osx-64/pthread-stubs-0.4-hc929b4f_1001.tar.bz2#addd19059de62181cd11ae8f4ef26084
https://conda.anaconda.org/conda-forge/osx-64/python_abi-3.8-3_cp38.conda#ff192f59f7fe23555612030493a079f8
https://conda.anaconda.org/conda-forge/osx-64/xorg-libxau-1.0.11-h0dc2134_0.conda#9566b4c29274125b0266d0177b5eb97b
https://conda.anaconda.org/conda-forge/osx-64/xorg-libxdmcp-1.1.3-h35c211d_0.tar.bz2#86ac76d6bf1cbb9621943eb3bd9ae36e
https://conda.anaconda.org/conda-forge/osx-64/xz-5.2.6-h775f41a_0.tar.bz2#a72f9d4ea13d55d745ff1ed594747f10
https://conda.anaconda.org/conda-forge/osx-64/yaml-0.2.5-h0d85af4_2.tar.bz2#d7e08fcf8259d742156188e8762b4d20
https://conda.anaconda.org/conda-forge/osx-64/expat-2.5.0-hf0c8a7f_1.conda#e12630038077877cbb6c7851e139c17c
https://conda.anaconda.org/conda-forge/noarch/fonts-conda-forge-1-0.tar.bz2#f766549260d6815b0c52253f1fb1bb29
https://conda.anaconda.org/conda-forge/osx-64/gettext-0.21.1-h8a4c099_0.tar.bz2#1e3aff29ce703d421c43f371ad676cc5
https://conda.anaconda.org/conda-forge/osx-64/gmp-6.2.1-h2e338ed_0.tar.bz2#dedc96914428dae572a39e69ee2a392f
https://conda.anaconda.org/conda-forge/osx-64/graphite2-1.3.13-h2e338ed_1001.tar.bz2#5f6e7f98caddd0fc2d345b207531814c
https://conda.anaconda.org/conda-forge/osx-64/lerc-4.0.0-hb486fe8_0.tar.bz2#f9d6a4c82889d5ecedec1d90eb673c55
https://conda.anaconda.org/conda-forge/osx-64/libaec-1.0.6-hf0c8a7f_1.conda#7c0f82f435ab4c48d65dc9b28db2ad9e
https://conda.anaconda.org/conda-forge/osx-64/libbrotlidec-1.0.9-hb7f2c08_8.tar.bz2#7f952a036d9014b4dab96c6ea0f8c2a7
https://conda.anaconda.org/conda-forge/osx-64/libbrotlienc-1.0.9-hb7f2c08_8.tar.bz2#b36a3bfe866d9127f25f286506982166
https://conda.anaconda.org/conda-forge/osx-64/libedit-3.1.20191231-h0678c8f_2.tar.bz2#6016a8a1d0e63cac3de2c352cd40208b
https://conda.anaconda.org/conda-forge/osx-64/libgfortran5-12.2.0-he409387_31.conda#5a544130e584b1f204ac896ff071d5b3
https://conda.anaconda.org/conda-forge/osx-64/libpng-1.6.39-ha978bb4_0.conda#35e4928794c5391aec14ffdf1deaaee5
https://conda.anaconda.org/conda-forge/osx-64/libsqlite-3.42.0-h58db7d2_0.conda#a7d3b44b7b0c9901ac7813b7a0462893
https://conda.anaconda.org/conda-forge/osx-64/libxcb-1.15-hb7f2c08_0.conda#5513f57e0238c87c12dffedbcc9c1a4a
https://conda.anaconda.org/conda-forge/osx-64/libxml2-2.11.4-hd95e348_0.conda#681f8dda25e73a830d774a37b9839c85
https://conda.anaconda.org/conda-forge/osx-64/lz4-c-1.9.4-hf0c8a7f_0.conda#aa04f7143228308662696ac24023f991
https://conda.anaconda.org/conda-forge/osx-64/openssl-3.1.1-h8a1eda9_1.conda#c7822d6ee74e34af1fd74365cfd18983
https://conda.anaconda.org/conda-forge/osx-64/pandoc-3.1.3-h9d075a6_0.conda#e86a3d5c966a09b6129354114483f7a7
https://conda.anaconda.org/conda-forge/osx-64/pcre-8.45-he49afe7_0.tar.bz2#0526850419e04ac003bc0b65a78dc4cc
https://conda.anaconda.org/conda-forge/osx-64/pcre2-10.40-h1c4e4bc_0.tar.bz2#e0f80c8f3a0352a54eddfe59cd2b25b1
https://conda.anaconda.org/conda-forge/osx-64/readline-8.2-h9e318b2_1.conda#f17f77f2acf4d344734bda76829ce14e
https://conda.anaconda.org/conda-forge/osx-64/snappy-1.1.10-h225ccf5_0.conda#4320a8781f14cd959689b86e349f3b73
https://conda.anaconda.org/conda-forge/osx-64/tk-8.6.12-h5dbffcc_0.tar.bz2#8e9480d9c47061db2ed1b4ecce519a7f
https://conda.anaconda.org/conda-forge/osx-64/zeromq-4.3.4-he49afe7_1.tar.bz2#1972d732b123ed04b60fd21e94f0b178
https://conda.anaconda.org/conda-forge/osx-64/zlib-1.2.13-h8a1eda9_5.conda#75a8a98b1c4671c5d2897975731da42d
https://conda.anaconda.org/conda-forge/osx-64/zstd-1.5.2-hbc0c0cd_6.conda#40a188783d3c425bdccc9ae9104acbb8
https://conda.anaconda.org/conda-forge/osx-64/blosc-1.21.4-heccf04b_0.conda#02e92eb72b9ae4c1745b95d03a9c949e
https://conda.anaconda.org/conda-forge/osx-64/brotli-bin-1.0.9-hb7f2c08_8.tar.bz2#aac5ad0d8f747ef7f871508146df75d9
https://conda.anaconda.org/conda-forge/noarch/fonts-conda-ecosystem-1-0.tar.bz2#fee5683a3f04bd15cbd8318b096a27ab
https://conda.anaconda.org/conda-forge/osx-64/freetype-2.12.1-h3f81eb7_1.conda#852224ea3e8991a8342228eab274840e
https://conda.anaconda.org/conda-forge/osx-64/krb5-1.20.1-h049b76e_0.conda#db11fa2968ef0837288fe2d7f5b77a50
https://conda.anaconda.org/conda-forge/osx-64/libgfortran-5.0.0-11_3_0_h97931a8_31.conda#97451338600bd9c5b535eb224ef6c471
https://conda.anaconda.org/conda-forge/osx-64/libglib-2.76.3-hc62aa5d_0.conda#3687b3c1d257dec787418281cfc58358
https://conda.anaconda.org/conda-forge/osx-64/libllvm10-10.0.1-h009f743_3.tar.bz2#cc65eb0b26253d2789320bfd661852f9
https://conda.anaconda.org/conda-forge/osx-64/libnghttp2-1.52.0-he2ab024_0.conda#12ac7d100bf260263e30a019517f42a2
https://conda.anaconda.org/conda-forge/osx-64/libssh2-1.11.0-hd019ec5_0.conda#ca3a72efba692c59a90d4b9fc0dfe774
https://conda.anaconda.org/conda-forge/osx-64/libtiff-4.5.1-hf955e92_0.conda#56523ed556e3a44c0fd55bcf17045892
https://conda.anaconda.org/conda-forge/osx-64/libxslt-1.1.37-h20bfa82_1.conda#177817e2ba32a7d5ffdfbcb876fd4f10
https://conda.anaconda.org/conda-forge/osx-64/mpfr-4.2.0-h4f9bd69_0.conda#f48a2f4515be334c5cfeed82517b96e0
https://conda.anaconda.org/conda-forge/osx-64/python-3.8.17-hf9b03c3_0_cpython.conda#f613b663d3829f325b4ffb626bf612b6
https://conda.anaconda.org/conda-forge/osx-64/sqlite-3.40.0-h9ae0607_0.tar.bz2#b66b0b11f1b901f3c2bce9406bedfd40
https://conda.anaconda.org/conda-forge/noarch/_ipython_minor_entry_point-8.7.0-h3b92ee0_0.conda#63e1a8edc73d7618457a8679f71227e4
https://conda.anaconda.org/conda-forge/noarch/alabaster-0.7.13-pyhd8ed1ab_0.conda#06006184e203b61d3525f90de394471e
https://conda.anaconda.org/conda-forge/noarch/appnope-0.1.3-pyhd8ed1ab_0.tar.bz2#54ac328d703bff191256ffa1183126d1
https://conda.anaconda.org/conda-forge/noarch/astropy-sphinx-theme-1.1-py_0.tar.bz2#1190bec6b78aaf8e602e8fc829ce7b3f
https://conda.anaconda.org/conda-forge/osx-64/atk-1.0-2.38.0-h1d18e73_1.tar.bz2#5a538295f97a484ee332aacc131718b5
https://conda.anaconda.org/conda-forge/noarch/attrs-23.1.0-pyh71513ae_1.conda#3edfead7cedd1ab4400a6c588f3e75f8
https://conda.anaconda.org/conda-forge/noarch/backcall-0.2.0-pyh9f0ad1d_0.tar.bz2#6006a6d08a3fa99268a2681c7fb55213
https://conda.anaconda.org/conda-forge/noarch/backports-1.0-pyhd8ed1ab_3.conda#54ca2e08b3220c148a1d8329c2678e02
https://conda.anaconda.org/conda-forge/osx-64/brotli-1.0.9-hb7f2c08_8.tar.bz2#55f612fe4a9b5f6ac76348b6de94aaeb
https://conda.anaconda.org/conda-forge/noarch/cached_property-1.5.2-pyha770c72_1.tar.bz2#576d629e47797577ab0f1b351297ef4a
https://conda.anaconda.org/conda-forge/noarch/certifi-2023.5.7-pyhd8ed1ab_0.conda#5d1b71c942b8421285934dad1d891ebc
https://conda.anaconda.org/conda-forge/noarch/charset-normalizer-3.1.0-pyhd8ed1ab_0.conda#7fcff9f6f123696e940bda77bd4d6551
https://conda.anaconda.org/conda-forge/noarch/click-8.1.3-unix_pyhd8ed1ab_2.tar.bz2#20e4087407c7cb04a40817114b333dbf
https://conda.anaconda.org/conda-forge/noarch/colorama-0.4.6-pyhd8ed1ab_0.tar.bz2#3faab06a954c2a04039983f2c4a50d99
https://conda.anaconda.org/conda-forge/noarch/cycler-0.11.0-pyhd8ed1ab_0.tar.bz2#a50559fad0affdbb33729a68669ca1cb
https://conda.anaconda.org/conda-forge/noarch/dataclasses-0.8-pyhc8e2a94_3.tar.bz2#a362b2124b06aad102e2ee4581acee7d
https://conda.anaconda.org/conda-forge/osx-64/debugpy-1.6.7-py38h4cd09af_0.conda#32626ffd5cd7eaad3036d7dca808ddc7
https://conda.anaconda.org/conda-forge/noarch/decorator-5.1.1-pyhd8ed1ab_0.tar.bz2#43afe5ab04e35e17ba28649471dd7364
https://conda.anaconda.org/conda-forge/noarch/defusedxml-0.7.1-pyhd8ed1ab_0.tar.bz2#961b3a227b437d82ad7054484cfa71b2
https://conda.anaconda.org/conda-forge/osx-64/docutils-0.18.1-py38h50d1736_1.tar.bz2#e822e3f052bd5216f620d618b3b6d4d7
https://conda.anaconda.org/conda-forge/noarch/entrypoints-0.4-pyhd8ed1ab_0.tar.bz2#3cf04868fee0a029769bd41f4b2fbf2d
https://conda.anaconda.org/conda-forge/noarch/exceptiongroup-1.1.1-pyhd8ed1ab_0.conda#7312299d7a0ea4993159229b7d2dceb2
https://conda.anaconda.org/conda-forge/noarch/executing-1.2.0-pyhd8ed1ab_0.tar.bz2#4c1bc140e2be5c8ba6e3acab99e25c50
https://conda.anaconda.org/conda-forge/noarch/flit-core-3.9.0-pyhd8ed1ab_0.conda#e8cfceef004266b259604c3faa2a0191
https://conda.anaconda.org/conda-forge/osx-64/fontconfig-2.14.2-h5bb23bf_0.conda#86cc5867dfbee4178118392bae4a3c89
https://conda.anaconda.org/conda-forge/noarch/future-0.18.3-pyhd8ed1ab_0.conda#fec8329fc739090f26a7d7803db254f1
https://conda.anaconda.org/conda-forge/osx-64/gdk-pixbuf-2.42.10-hff535ac_2.conda#405b15593c08effacec24b6c0bf74f21
https://conda.anaconda.org/conda-forge/osx-64/gts-0.7.6-h53e17e3_4.conda#848cc963fcfbd063c7a023024aa3bec0
https://conda.anaconda.org/conda-forge/noarch/idna-3.4-pyhd8ed1ab_0.tar.bz2#34272b248891bddccc64479f9a7fffed
https://conda.anaconda.org/conda-forge/noarch/imagesize-1.4.1-pyhd8ed1ab_0.tar.bz2#7de5386c8fea29e76b303f37dde4c352
https://conda.anaconda.org/conda-forge/noarch/iniconfig-2.0.0-pyhd8ed1ab_0.conda#f800d2da156d08e289b14e87e43c1ae5
https://conda.anaconda.org/conda-forge/noarch/ipython_genutils-0.2.0-py_1.tar.bz2#5071c982548b3a20caf70462f04f5287
https://conda.anaconda.org/conda-forge/noarch/jsonpointer-2.0-py_0.tar.bz2#07d85c22a3beb102a48cd123df84c2a6
https://conda.anaconda.org/conda-forge/noarch/jupyterlab_widgets-1.1.4-pyhd8ed1ab_0.conda#68037be2d9adb4f2646328f0c0198be7
https://conda.anaconda.org/conda-forge/osx-64/kiwisolver-1.4.4-py38h98b9b1b_1.tar.bz2#c11eff21a36bc5809b8e23a05ee71df8
https://conda.anaconda.org/conda-forge/osx-64/lcms2-2.15-h2dcdeff_1.conda#f1df9b0c2d9fbe985e62f4b24773a9e4
https://conda.anaconda.org/conda-forge/osx-64/libcurl-8.1.2-hbee3ae8_0.conda#d51e337da844262f9033c9a26452520f
https://conda.anaconda.org/conda-forge/osx-64/libopenblas-0.3.23-openmp_h429af6e_0.conda#7000a828e29608e4f57e662b5502d2c9
https://conda.anaconda.org/conda-forge/osx-64/libwebp-1.3.0-ha9aa8fa_0.conda#da767942db1b11e8139a5a2ab9afc989
https://conda.anaconda.org/conda-forge/osx-64/llvmlite-0.36.0-py38h872f124_0.tar.bz2#4f2f6cb8e2212d9933fbf8729c5641e5
https://conda.anaconda.org/conda-forge/osx-64/lxml-4.9.2-py38h2d3ed51_1.conda#a7d62467d0bb0dae259d6a9a1f122c3a
https://conda.anaconda.org/conda-forge/osx-64/markupsafe-2.1.3-py38hcafd530_0.conda#e8ee9933dc3749c889baccb1c4b4f014
https://conda.anaconda.org/conda-forge/noarch/mistune-3.0.0-pyhd8ed1ab_0.conda#c7d0ea64c37752ecbe6da458aee662d2
https://conda.anaconda.org/conda-forge/noarch/mock-5.0.2-pyhd8ed1ab_0.conda#541e4834b1e46ed786829dc63e4d4ca2
https://conda.anaconda.org/conda-forge/osx-64/mpc-1.3.1-h81bd1dd_0.conda#c752c0eb6c250919559172c011e5f65b
https://conda.anaconda.org/conda-forge/noarch/mpmath-1.3.0-pyhd8ed1ab_0.conda#dbf6e2d89137da32fa6670f3bffc024e
https://conda.anaconda.org/conda-forge/noarch/munkres-1.1.4-pyh9f0ad1d_0.tar.bz2#2ba8498c1018c1e9c61eb99b973dfe19
https://conda.anaconda.org/conda-forge/noarch/mypy_extensions-1.0.0-pyha770c72_0.conda#4eccaeba205f0aed9ac3a9ea58568ca3
https://conda.anaconda.org/conda-forge/noarch/nest-asyncio-1.5.6-pyhd8ed1ab_0.tar.bz2#7b868f21adde0d9b8b38f9c16836589b
https://conda.anaconda.org/conda-forge/noarch/networkx-3.1-pyhd8ed1ab_0.conda#254f787d5068bc89f578bf63893ce8b4
https://conda.anaconda.org/conda-forge/osx-64/openjpeg-2.5.0-h13ac156_2.conda#299a29af9ac9f550ad459d655739280b
https://conda.anaconda.org/conda-forge/noarch/packaging-23.1-pyhd8ed1ab_0.conda#91cda59e66e1e4afe9476f8ef98f5c30
https://conda.anaconda.org/conda-forge/noarch/pandocfilters-1.5.0-pyhd8ed1ab_0.tar.bz2#457c2c8c08e54905d6954e79cb5b5db9
https://conda.anaconda.org/conda-forge/noarch/parso-0.8.3-pyhd8ed1ab_0.tar.bz2#17a565a0c3899244e938cdf417e7b094
https://conda.anaconda.org/conda-forge/noarch/pathspec-0.11.1-pyhd8ed1ab_0.conda#dbb80d1e8dc2dba5c8b106dc0768ad45
https://conda.anaconda.org/conda-forge/noarch/pickleshare-0.7.5-py_1003.tar.bz2#415f0ebb6198cc2801c73438a9fb5761
https://conda.anaconda.org/conda-forge/noarch/pkgutil-resolve-name-1.3.10-pyhd8ed1ab_0.tar.bz2#89e3c7cdde7d3aaa2aee933b604dd07f
https://conda.anaconda.org/conda-forge/noarch/pluggy-1.0.0-pyhd8ed1ab_5.tar.bz2#7d301a0d25f424d96175f810935f0da9
https://conda.anaconda.org/conda-forge/noarch/prometheus_client-0.17.0-pyhd8ed1ab_0.conda#95c5be3c7cbd872509d16c216617fdab
https://conda.anaconda.org/conda-forge/osx-64/psutil-5.9.5-py38hef030d1_0.conda#20b4cc7adae881327b943c883be6335e
https://conda.anaconda.org/conda-forge/noarch/ptyprocess-0.7.0-pyhd3deb0d_0.tar.bz2#359eeb6536da0e687af562ed265ec263
https://conda.anaconda.org/conda-forge/noarch/pure_eval-0.2.2-pyhd8ed1ab_0.tar.bz2#6784285c7e55cb7212efabc79e4c2883
https://conda.anaconda.org/conda-forge/noarch/py-1.11.0-pyh6c4a22f_0.tar.bz2#b4613d7e7a493916d867842a6a148054
https://conda.anaconda.org/conda-forge/noarch/pycparser-2.21-pyhd8ed1ab_0.tar.bz2#076becd9e05608f8dc72757d5f3a91ff
https://conda.anaconda.org/conda-forge/noarch/pygments-2.15.1-pyhd8ed1ab_0.conda#d316679235612869eba305aa7d41d9bf
https://conda.anaconda.org/conda-forge/noarch/pyparsing-3.1.0-pyhd8ed1ab_0.conda#d3ed087d1f7f8f5590e8e87b57a8ce64
https://conda.anaconda.org/conda-forge/osx-64/pyrsistent-0.19.3-py38hef030d1_0.conda#01ca11f08679d88fc881a19902a0a008
https://conda.anaconda.org/conda-forge/noarch/pysocks-1.7.1-pyha2e5f31_6.tar.bz2#2a7de29fb590ca14b5243c4c812c8025
https://conda.anaconda.org/conda-forge/noarch/python-dokuwiki-1.3.3-pyhd8ed1ab_0.tar.bz2#a13dedbf73a833f0fbb2cb34467db1a3
https://conda.anaconda.org/conda-forge/noarch/python-fastjsonschema-2.17.1-pyhd8ed1ab_0.conda#dd4f393d857e9283eef2442234bd05e3
https://conda.anaconda.org/conda-forge/noarch/python-json-logger-2.0.7-pyhd8ed1ab_0.conda#a61bf9ec79426938ff785eb69dbb1960
https://conda.anaconda.org/conda-forge/noarch/pytz-2023.3-pyhd8ed1ab_0.conda#d3076b483092a435832603243567bc31
https://conda.anaconda.org/conda-forge/osx-64/pyyaml-6.0-py38hef030d1_5.tar.bz2#e27d698dc29c6d5b49f1385bcd1d50f9
https://conda.anaconda.org/conda-forge/osx-64/pyzmq-25.1.0-py38h3b70857_0.conda#a48761bc98b3bc22d209e9bb2f3dc5c1
https://conda.anaconda.org/conda-forge/noarch/rfc3986-validator-0.1.1-pyh9f0ad1d_0.tar.bz2#912a71cc01012ee38e6b90ddd561e36f
https://conda.anaconda.org/conda-forge/osx-64/setuptools-59.8.0-py38h50d1736_1.tar.bz2#c25b5974862472ee3e681a920ceaceb4
https://conda.anaconda.org/conda-forge/noarch/six-1.16.0-pyh6c4a22f_0.tar.bz2#e5f25f8dbc060e9a8d912e432202afc2
https://conda.anaconda.org/conda-forge/noarch/sniffio-1.3.0-pyhd8ed1ab_0.tar.bz2#dd6cbc539e74cb1f430efbd4575b9303
https://conda.anaconda.org/conda-forge/noarch/snowballstemmer-2.2.0-pyhd8ed1ab_0.tar.bz2#4d22a9315e78c6827f806065957d566e
https://conda.anaconda.org/conda-forge/noarch/soupsieve-2.3.2.post1-pyhd8ed1ab_0.tar.bz2#146f4541d643d48fc8a75cacf69f03ae
https://conda.anaconda.org/conda-forge/noarch/sphinx_bootstrap_theme-0.8.1-pyhd8ed1ab_0.tar.bz2#6d1e1ad812c9991b6da549caa00d3771
https://conda.anaconda.org/conda-forge/noarch/sphinxcontrib-applehelp-1.0.4-pyhd8ed1ab_0.conda#5a31a7d564f551d0e6dff52fd8cb5b16
https://conda.anaconda.org/conda-forge/noarch/sphinxcontrib-devhelp-1.0.2-py_0.tar.bz2#68e01cac9d38d0e717cd5c87bc3d2cc9
https://conda.anaconda.org/conda-forge/noarch/sphinxcontrib-htmlhelp-2.0.1-pyhd8ed1ab_0.conda#6c8c4d6eb2325e59290ac6dbbeacd5f0
https://conda.anaconda.org/conda-forge/noarch/sphinxcontrib-jsmath-1.0.1-py_0.tar.bz2#67cd9d9c0382d37479b4d306c369a2d4
https://conda.anaconda.org/conda-forge/noarch/sphinxcontrib-qthelp-1.0.3-py_0.tar.bz2#d01180388e6d1838c3e1ad029590aa7a
https://conda.anaconda.org/conda-forge/noarch/sphinxcontrib-serializinghtml-1.1.5-pyhd8ed1ab_2.tar.bz2#9ff55a0901cf952f05c654394de76bf7
https://conda.anaconda.org/conda-forge/noarch/tenacity-8.2.2-pyhd8ed1ab_0.conda#7b39e842b52966a99e229739cd4dc36e
https://conda.anaconda.org/conda-forge/noarch/toml-0.10.2-pyhd8ed1ab_0.tar.bz2#f832c45a477c78bebd107098db465095
https://conda.anaconda.org/conda-forge/noarch/tomli-2.0.1-pyhd8ed1ab_0.tar.bz2#5844808ffab9ebdb694585b50ba02a96
https://conda.anaconda.org/conda-forge/osx-64/tornado-6.3.2-py38hcafd530_0.conda#afefcf665a5049b030efb084a51e3935
https://conda.anaconda.org/conda-forge/noarch/traitlets-5.9.0-pyhd8ed1ab_0.conda#d0b4f5c87cd35ac3fb3d47b223263a64
https://conda.anaconda.org/conda-forge/osx-64/typed-ast-1.5.4-py38hef030d1_1.tar.bz2#3f931219be427788019ab080416376df
https://conda.anaconda.org/conda-forge/noarch/typing_extensions-4.6.3-pyha770c72_0.conda#4a3014a4d107d15475d106b751c4e352
https://conda.anaconda.org/conda-forge/noarch/typing_utils-0.1.0-pyhd8ed1ab_0.tar.bz2#eb67e3cace64c66233e2d35949e20f92
https://conda.anaconda.org/conda-forge/osx-64/unicodedata2-15.0.0-py38hef030d1_0.tar.bz2#51020c740c53f14657f6307b9eb23f85
https://conda.anaconda.org/conda-forge/noarch/webencodings-0.5.1-py_1.tar.bz2#3563be4c5611a44210d9ba0c16113136
https://conda.anaconda.org/conda-forge/noarch/websocket-client-1.6.0-pyhd8ed1ab_0.conda#1dd6387a73d84e16b6f73de676bb4c36
https://conda.anaconda.org/conda-forge/noarch/wheel-0.40.0-pyhd8ed1ab_0.conda#49bb0d9e60ce1db25e151780331bb5f3
https://conda.anaconda.org/conda-forge/noarch/zipp-3.15.0-pyhd8ed1ab_0.conda#13018819ca8f5b7cc675a8faf1f5fedf
https://conda.anaconda.org/conda-forge/noarch/anyio-3.7.0-pyhd8ed1ab_1.conda#2b35a85d654a47aac8f34c1bb6de7142
https://conda.anaconda.org/conda-forge/noarch/asttokens-2.2.1-pyhd8ed1ab_0.conda#bf7f54dd0f25c3f06ecb82a07341841a
https://conda.anaconda.org/conda-forge/noarch/babel-2.12.1-pyhd8ed1ab_1.conda#ac432e732804a81ddcf29c92ead57cde
https://conda.anaconda.org/conda-forge/noarch/backports.functools_lru_cache-1.6.4-pyhd8ed1ab_0.tar.bz2#c5b3edc62d6309088f4970b3eaaa65a6
https://conda.anaconda.org/conda-forge/noarch/beautifulsoup4-4.12.2-pyha770c72_0.conda#a362ff7d976217f8fa78c0f1c4f59717
https://conda.anaconda.org/conda-forge/noarch/bleach-6.0.0-pyhd8ed1ab_0.conda#d48b143d01385872a88ef8417e96c30e
https://conda.anaconda.org/conda-forge/noarch/cached-property-1.5.2-hd8ed1ab_1.tar.bz2#9b347a7ec10940d3f7941ff6c460b551
https://conda.anaconda.org/conda-forge/osx-64/cairo-1.16.0-h09dd18c_1016.conda#8f188a1368e0d5bcb017493ee83ffaf0
https://conda.anaconda.org/conda-forge/osx-64/cffi-1.15.1-py38hb368cf1_3.conda#a2b3ae2a1fd2aea0b4433d9e7fff8cf3
https://conda.anaconda.org/conda-forge/noarch/comm-0.1.3-pyhd8ed1ab_0.conda#168ae0f82cdf7505048e81054c7354e4
https://conda.anaconda.org/conda-forge/noarch/commonmark-0.9.1-py_0.tar.bz2#6aa0173c14befcd577ded130cf6f22f5
https://conda.anaconda.org/conda-forge/osx-64/coverage-7.2.7-py38hcafd530_0.conda#868ae7c3c94b2fffbe28687a64646f53
https://conda.anaconda.org/conda-forge/noarch/dot2tex-2.11.3-pyhd8ed1ab_0.tar.bz2#fb28e38d17dee34abc13cf6ad916534a
https://conda.anaconda.org/conda-forge/osx-64/fonttools-4.40.0-py38hcafd530_0.conda#b26b38c5f75e03e86cecf860ca9fb1cd
https://conda.anaconda.org/conda-forge/osx-64/gmpy2-2.1.2-py38h919de47_1.tar.bz2#21cb4c3f251a09bfe2ac7bd2556664df
https://conda.anaconda.org/conda-forge/osx-64/hdf5-1.12.2-nompi_h48135f9_101.conda#2ee4811ba5f72f7f12f69b3ec2d6cd96
https://conda.anaconda.org/conda-forge/noarch/importlib-metadata-6.7.0-pyha770c72_0.conda#ba3786c6846e46038fe60c785d46dc81
https://conda.anaconda.org/conda-forge/noarch/importlib_resources-5.12.0-pyhd8ed1ab_0.conda#e5fd2260a231ee63b6969f4801082f2b
https://conda.anaconda.org/conda-forge/noarch/jedi-0.18.2-pyhd8ed1ab_0.conda#b5e695ef9c3f0d27d6cd96bf5adc9e07
https://conda.anaconda.org/conda-forge/noarch/jinja2-3.1.2-pyhd8ed1ab_1.tar.bz2#c8490ed5c70966d232fdd389d0dbed37
https://conda.anaconda.org/conda-forge/noarch/jupyterlab_pygments-0.2.2-pyhd8ed1ab_0.tar.bz2#243f63592c8e449f40cd42eb5cf32f40
https://conda.anaconda.org/conda-forge/noarch/latexcodec-2.0.1-pyh9f0ad1d_0.tar.bz2#8d67904973263afd2985ba56aa2d6bb4
https://conda.anaconda.org/conda-forge/osx-64/libblas-3.9.0-17_osx64_openblas.conda#65299527582e2449b05d27fcf8352125
https://conda.anaconda.org/conda-forge/osx-64/libgd-2.3.3-h3d994df_6.conda#9aaabf57991a8839e63df1ea31142218
https://conda.anaconda.org/conda-forge/noarch/matplotlib-inline-0.1.6-pyhd8ed1ab_0.tar.bz2#b21613793fcc81d944c76c9f2864a7de
https://conda.anaconda.org/conda-forge/noarch/overrides-7.3.1-pyhd8ed1ab_0.tar.bz2#a5745ced46e69aa9754053ba061974ab
https://conda.anaconda.org/conda-forge/noarch/pexpect-4.8.0-pyh1a96a4e_2.tar.bz2#330448ce4403cc74990ac07c555942a1
https://conda.anaconda.org/conda-forge/osx-64/pillow-9.5.0-py38h16710f9_1.conda#c5bf174a033ef668679cc80918422515
https://conda.anaconda.org/conda-forge/noarch/pip-23.1.2-pyhd8ed1ab_0.conda#7288da0d36821349cf1126e8670292df
https://conda.anaconda.org/conda-forge/noarch/plotly-5.15.0-pyhd8ed1ab_0.conda#48573e7cca7860509648522a3b8507d7
https://conda.anaconda.org/conda-forge/osx-64/pyobjc-core-9.2-py38h095c2e5_0.conda#8dbb4798b2066b678d8da47734d1c763
https://conda.anaconda.org/conda-forge/noarch/pytest-7.3.2-pyhd8ed1ab_1.conda#f2465696f4396245eca4613f6e924796
https://conda.anaconda.org/conda-forge/noarch/python-dateutil-2.8.2-pyhd8ed1ab_0.tar.bz2#dd999d1cc9f79e67dbb855c8924c7984
https://conda.anaconda.org/conda-forge/noarch/rfc3339-validator-0.1.4-pyhd8ed1ab_0.tar.bz2#fed45fc5ea0813240707998abe49f520
https://conda.anaconda.org/conda-forge/noarch/setuptools-scm-6.4.2-pyhd8ed1ab_0.tar.bz2#4b55bf84b0f8113833a653d7ba1f52c8
https://conda.anaconda.org/conda-forge/noarch/snakeviz-2.2.0-pyhd8ed1ab_0.conda#d9750d7c0ef0ab69cbee7557e88dd128
https://conda.anaconda.org/conda-forge/noarch/terminado-0.17.1-pyhd1c38e8_0.conda#046120b71d8896cb7faef78bfdbfee1e
https://conda.anaconda.org/conda-forge/noarch/tinycss2-1.2.1-pyhd8ed1ab_0.tar.bz2#7234c9eefff659501cd2fe0d2ede4d48
https://conda.anaconda.org/conda-forge/noarch/tqdm-4.65.0-pyhd8ed1ab_1.conda#ed792aff3acb977d09c7013358097f83
https://conda.anaconda.org/conda-forge/noarch/typing-extensions-4.6.3-hd8ed1ab_0.conda#3876f650ed7d0f95d70fa4b647621909
https://conda.anaconda.org/conda-forge/noarch/urllib3-2.0.3-pyhd8ed1ab_0.conda#ae465d0fbf9f1979cb2d8d4043d885e2
https://conda.anaconda.org/conda-forge/osx-64/argon2-cffi-bindings-21.2.0-py38hef030d1_3.tar.bz2#fc1bc20add8eff07c367973bba25e8eb
https://conda.anaconda.org/conda-forge/osx-64/brotlipy-0.7.0-py38hef030d1_1005.tar.bz2#2fa6826f6f94c847bf26709f2162a09c
https://conda.anaconda.org/conda-forge/osx-64/cryptography-40.0.2-py38h4257468_0.conda#e60e91caecdb7719724e6e2124e4cffc
https://conda.anaconda.org/conda-forge/osx-64/harfbuzz-7.3.0-h413ba03_0.conda#52a090078d890befdd4865270d1164ec
https://conda.anaconda.org/conda-forge/noarch/importlib_metadata-6.7.0-hd8ed1ab_0.conda#27a4cec373ec84d1c1aa02a1e37f8eaf
https://conda.anaconda.org/conda-forge/noarch/jsonschema-4.17.3-pyhd8ed1ab_0.conda#723268a468177cd44568eb8f794e0d80
https://conda.anaconda.org/conda-forge/noarch/jupyter_server_terminals-0.4.4-pyhd8ed1ab_1.conda#7c0965e1d4a0ee1529e8eaa03a78a5b3
https://conda.anaconda.org/conda-forge/osx-64/libcblas-3.9.0-17_osx64_openblas.conda#380151ca00704172b242a63701b7bf8a
https://conda.anaconda.org/conda-forge/osx-64/liblapack-3.9.0-17_osx64_openblas.conda#6ab83532872bf3659613638589dd10af
https://conda.anaconda.org/conda-forge/noarch/pbr-5.11.1-pyhd8ed1ab_0.conda#5bde4ebca51438054099b9527c904ecb
https://conda.anaconda.org/conda-forge/noarch/platformdirs-3.6.0-pyhd8ed1ab_0.conda#741384b21c1b512617f4ee4ea8457c5d
https://conda.anaconda.org/conda-forge/noarch/pybtex-0.24.0-pyhd8ed1ab_2.tar.bz2#2099b86a7399c44c0c61cdb6de6915ba
https://conda.anaconda.org/conda-forge/osx-64/pyobjc-framework-cocoa-9.2-py38h095c2e5_0.conda#fa3e3307ff143e7a9e823ce7bbc916ad
https://conda.anaconda.org/conda-forge/noarch/pytest-cov-4.1.0-pyhd8ed1ab_0.conda#06eb685a3a0b146347a58dda979485da
https://conda.anaconda.org/conda-forge/noarch/pytest-doctestplus-0.13.0-pyhd8ed1ab_0.conda#da7636b26a9d2f23bb37a2d7f7612cbe
https://conda.anaconda.org/conda-forge/noarch/pytest-metadata-3.0.0-pyhd8ed1ab_1.conda#8bdcc0f401561213821bf67513abeeff
https://conda.anaconda.org/conda-forge/noarch/requests-2.31.0-pyhd8ed1ab_0.conda#a30144e4156cdbb236f99ebb49828f8b
https://conda.anaconda.org/conda-forge/noarch/setuptools_scm-6.4.2-hd8ed1ab_0.tar.bz2#160f4a41b7490ae06f70e0a122075eaf
https://conda.anaconda.org/conda-forge/noarch/stack_data-0.6.2-pyhd8ed1ab_0.conda#e7df0fdd404616638df5ece6e69ba7af
https://conda.anaconda.org/conda-forge/noarch/sympy-1.12-pypyh9d50eac_103.conda#2f7d6347d7acf6edf1ac7f2189f44c8f
https://conda.anaconda.org/conda-forge/noarch/wcwidth-0.2.6-pyhd8ed1ab_0.conda#078979d33523cb477bd1916ce41aacc9
https://conda.anaconda.org/conda-forge/noarch/argon2-cffi-21.3.0-pyhd8ed1ab_0.tar.bz2#a0b402db58f73aaab8ee0ca1025a362e
https://conda.anaconda.org/conda-forge/noarch/black-22.3.0-pyhd8ed1ab_0.tar.bz2#7ecbfaae9a30b73c1a6e36e4a0debc03
https://conda.anaconda.org/conda-forge/osx-64/jupyter_core-5.3.1-py38h50d1736_0.conda#03a3619e222793567b29b5966c2a821d
https://conda.anaconda.org/conda-forge/noarch/jupyter_events-0.6.3-pyhd8ed1ab_0.conda#d98c5196ab6ffeb0c2feca2912801353
https://conda.anaconda.org/conda-forge/osx-64/numpy-1.19.5-py38h5cb586d_3.tar.bz2#669da8c6123bb2f34e6bce634d6fb060
https://conda.anaconda.org/conda-forge/osx-64/pango-1.50.14-hbce5e75_1.conda#32514c385f1a25896c5106aa99fc8a3e
https://conda.anaconda.org/conda-forge/noarch/prompt-toolkit-3.0.38-pyha770c72_0.conda#59ba1bf8ea558751a0d391249a248765
https://conda.anaconda.org/conda-forge/osx-64/pybtex-docutils-1.0.2-py38h50d1736_2.tar.bz2#5650c819d7ae44ff91c456370f175706
https://conda.anaconda.org/conda-forge/noarch/pyopenssl-23.1.1-pyhd8ed1ab_0.conda#0b34aa3ab7e7ccb1765a03dd9ed29938
https://conda.anaconda.org/conda-forge/noarch/pytest-html-3.2.0-pyhd8ed1ab_1.tar.bz2#d5c7a941dfbceaab4b172a56d7918eb0
https://conda.anaconda.org/conda-forge/noarch/send2trash-1.8.2-pyhd1c38e8_0.conda#2657c3de5371c571aef6678afb4aaadd
https://conda.anaconda.org/conda-forge/noarch/sphinx-6.2.1-pyhd8ed1ab_0.conda#a8b5c0c100cf5421d36e292894868297
https://conda.anaconda.org/conda-forge/noarch/sphinxcontrib-apidoc-0.3.0-py_1.tar.bz2#855b087883443abb10f5faf6eef40860
https://conda.anaconda.org/conda-forge/osx-64/gtk2-2.24.33-h7c1209e_2.tar.bz2#307614630946527e302b7dd042a5cfa2
https://conda.anaconda.org/conda-forge/osx-64/h5py-3.7.0-nompi_py38hf55d6a0_101.tar.bz2#c4897e0f9c51c760a750feabb16429ec
https://conda.anaconda.org/conda-forge/noarch/jupyter_client-8.2.0-pyhd8ed1ab_0.conda#58ca2d50c3b27b86fd7df62eaadbf9a9
https://conda.anaconda.org/conda-forge/osx-64/librsvg-2.56.1-hec3db73_0.conda#19c4afb6c40241051dbbfa32fc63e0d7
https://conda.anaconda.org/conda-forge/osx-64/matplotlib-base-3.5.3-py38hae485fc_2.tar.bz2#718d7cbae46372fd7972841b82f53f0d
https://conda.anaconda.org/conda-forge/noarch/nbformat-5.9.0-pyhd8ed1ab_0.conda#f525a01528c3eba1d381a232a6971c6a
https://conda.anaconda.org/conda-forge/osx-64/numba-0.53.1-py38h5b9a75a_1.tar.bz2#b547323b20986d1d2fc3307b9b663345
https://conda.anaconda.org/conda-forge/osx-64/numexpr-2.8.3-py38h2b30649_0.tar.bz2#957d7b3ef70a5955530c82d4adbdca3a
https://conda.anaconda.org/conda-forge/noarch/numpydoc-1.5.0-pyhd8ed1ab_0.tar.bz2#3c275d7168a6a135329f4acb364c229a
https://conda.anaconda.org/conda-forge/osx-64/pandas-1.0.5-py38h5fc983b_0.tar.bz2#0563558e72be6fa5468c42816c3a17f9
https://conda.anaconda.org/conda-forge/noarch/prompt_toolkit-3.0.38-hd8ed1ab_0.conda#45b74f64d8808eda7e6f6e6b1d641fd2
https://conda.anaconda.org/conda-forge/osx-64/pyerfa-2.0.0.1-py38h4277f33_2.tar.bz2#c471813135c81ba827b0d80f09cc9e9c
https://conda.anaconda.org/conda-forge/noarch/recommonmark-0.7.1-pyhd8ed1ab_0.tar.bz2#b3becf9905b8c7ba839072f65e693253
https://conda.anaconda.org/conda-forge/osx-64/scipy-1.5.3-py38hb6cd474_0.tar.bz2#b0574c75ef08dffa661a55c28abda13c
https://conda.anaconda.org/conda-forge/noarch/sphinx-automodapi-0.15.0-pyhb6b8b6f_0.conda#5e6e7f018f9111170aa18177d7235188
https://conda.anaconda.org/conda-forge/noarch/sphinx-jsonschema-1.19.1-pyhd8ed1ab_0.tar.bz2#d340bddca07283d3362b0e46b1791568
https://conda.anaconda.org/conda-forge/noarch/sphinxcontrib-bibtex-2.5.0-pyhd8ed1ab_0.tar.bz2#b2e5c9aece936ebf9f26abdf71ddd74b
https://conda.anaconda.org/conda-forge/noarch/sphinxcontrib-jquery-4.1-pyhd8ed1ab_0.conda#914897066d5873acfb13e75705276ad1
https://conda.anaconda.org/conda-forge/osx-64/astropy-5.0.4-py38h4277f33_0.tar.bz2#58445a843bda46aef14f89ba058ea301
https://conda.anaconda.org/conda-forge/osx-64/graphviz-8.0.5-hc7f41f9_0.conda#93ed159bc8fae9c9a483443f7ec76129
https://conda.anaconda.org/conda-forge/noarch/ipython-8.12.2-pyhd1c38e8_0.conda#acc618532cbc899f5721cc96407b16cc
https://conda.anaconda.org/conda-forge/noarch/nbclient-0.8.0-pyhd8ed1ab_0.conda#e78da91cf428faaf05701ce8cc8f2f9b
https://conda.anaconda.org/conda-forge/osx-64/pytables-3.7.0-py38h83bf2f2_2.tar.bz2#e73c5cffa63e86d5d09a76d669b130e8
https://conda.anaconda.org/conda-forge/noarch/radioactivedecay-0.4.17-pyhd8ed1ab_0.conda#adc72a903c6eb260e641b1ffce1a064a
https://conda.anaconda.org/conda-forge/noarch/sphinx-gallery-0.13.0-pyhd8ed1ab_0.conda#26c51b97ce59bbcce6a35ff45bc5c900
https://conda.anaconda.org/conda-forge/noarch/sphinx_rtd_theme-1.2.2-pyha770c72_0.conda#5ef6aaf2cfb3b656cdadb431daed6a9f
https://conda.anaconda.org/conda-forge/noarch/ipykernel-6.23.2-pyh5fb750a_0.conda#c406de32f968636cd33f6017f5c3f121
https://conda.anaconda.org/conda-forge/noarch/nbconvert-core-7.6.0-pyhd8ed1ab_0.conda#879782bde4bbdb4c7b5d4054504a20d5
https://conda.anaconda.org/conda-forge/osx-64/pygraphviz-1.11-py38h92dd6f0_0.conda#986fbee52d338eec520117351d918755
https://conda.anaconda.org/conda-forge/noarch/sphinx-astropy-1.9.1-pyhd8ed1ab_0.conda#b6a0939e7b6b3a854b8c8f04606da1a7
https://conda.anaconda.org/conda-forge/noarch/jupyter_server-2.6.0-pyhd8ed1ab_0.conda#39fd52b0fcb2fb52bac47a1419bf09bd
https://conda.anaconda.org/conda-forge/noarch/nbconvert-pandoc-7.6.0-pyhd8ed1ab_0.conda#e8172ca42f2869bb90185c9356899e81
https://conda.anaconda.org/conda-forge/noarch/nbconvert-7.6.0-pyhd8ed1ab_0.conda#59976ee8df1c6f82c4aa94b5fd6b745e
https://conda.anaconda.org/conda-forge/noarch/notebook-shim-0.2.3-pyhd8ed1ab_0.conda#67e0fe74c156267d9159e9133df7fd37
https://conda.anaconda.org/conda-forge/noarch/nbclassic-1.0.0-pyhb4ecaf3_1.conda#a0be31e9bd84d6eae87cdbf74c56b90b
https://conda.anaconda.org/conda-forge/noarch/nbsphinx-0.9.2-pyhd8ed1ab_0.conda#d1212b423fdd10d2da59601385561ff7
https://conda.anaconda.org/conda-forge/noarch/notebook-6.5.4-pyha770c72_0.conda#ec4ce3ce0a55ce21b6f5b86049b97af9
https://conda.anaconda.org/conda-forge/noarch/widgetsnbextension-3.6.4-pyhd8ed1ab_0.conda#39f955095a360b5cb5e15ada01eb62a5
https://conda.anaconda.org/conda-forge/noarch/ipywidgets-7.7.5-pyhd8ed1ab_0.conda#24f3b831999b272ef42e2c1a6e9a0462
https://conda.anaconda.org/conda-forge/noarch/qgrid-1.3.1-pyhd8ed1ab_4.tar.bz2#fff68c7404813a1eb2678425f00e9917
