# Generated by conda-lock.
# platform: linux-64
# input_hash: 4206c5101b01be252b909c680dbe1de7159edd0259f8ec0a8491008ceaa3d2c8
@EXPLICIT
https://conda.anaconda.org/conda-forge/linux-64/_libgcc_mutex-0.1-conda_forge.tar.bz2#d7c89558ba9fa0495403155b64376d81
https://conda.anaconda.org/conda-forge/linux-64/ca-certificates-2022.9.24-ha878542_0.tar.bz2#41e4e87062433e283696cf384f952ef6
https://conda.anaconda.org/conda-forge/noarch/font-ttf-dejavu-sans-mono-2.37-hab24e00_0.tar.bz2#0c96522c6bdaed4b1566d11387caaf45
https://conda.anaconda.org/conda-forge/noarch/font-ttf-inconsolata-3.000-h77eed37_0.tar.bz2#34893075a5c9e55cdafac56607368fc6
https://conda.anaconda.org/conda-forge/noarch/font-ttf-source-code-pro-2.038-h77eed37_0.tar.bz2#4d59c254e01d9cde7957100457e2d5fb
https://conda.anaconda.org/conda-forge/noarch/font-ttf-ubuntu-0.83-hab24e00_0.tar.bz2#19410c3df09dfb12d1206132a1d357c5
https://conda.anaconda.org/conda-forge/linux-64/git-lfs-3.2.0-ha770c72_0.tar.bz2#4915c8a17ab5f4477a3c281d76008182
https://conda.anaconda.org/conda-forge/linux-64/ld_impl_linux-64-2.36.1-hea4e1c9_2.tar.bz2#bd4f2e711b39af170e7ff15163fe87ee
https://conda.anaconda.org/conda-forge/linux-64/libgfortran5-12.1.0-hdcd56e2_16.tar.bz2#b02605b875559ff99f04351fd5040760
https://conda.anaconda.org/conda-forge/linux-64/libstdcxx-ng-12.1.0-ha89aaad_16.tar.bz2#6f5ba041a41eb102a1027d9e68731be7
https://conda.anaconda.org/conda-forge/noarch/nomkl-1.0-h5ca1d4c_0.tar.bz2#9a66894dfd07c4510beb6b3f9672ccc0
https://conda.anaconda.org/conda-forge/linux-64/pandoc-2.19.2-ha770c72_0.tar.bz2#f17322ae18898607521b3fa90df84235
https://conda.anaconda.org/conda-forge/noarch/fonts-conda-forge-1-0.tar.bz2#f766549260d6815b0c52253f1fb1bb29
https://conda.anaconda.org/conda-forge/linux-64/libgfortran-ng-12.1.0-h69a702a_16.tar.bz2#6bf15e29a20f614b18ae89368260d0a2
https://conda.anaconda.org/conda-forge/linux-64/libgomp-12.1.0-h8d9b700_16.tar.bz2#f013cf7749536ce43d82afbffdf499ab
https://conda.anaconda.org/conda-forge/linux-64/_openmp_mutex-4.5-2_gnu.tar.bz2#73aaf86a425cc6e73fcf236a5a46396d
https://conda.anaconda.org/conda-forge/noarch/fonts-conda-ecosystem-1-0.tar.bz2#fee5683a3f04bd15cbd8318b096a27ab
https://conda.anaconda.org/conda-forge/linux-64/libgcc-ng-12.1.0-h8d9b700_16.tar.bz2#4f05bc9844f7c101e6e147dab3c88d5c
https://conda.anaconda.org/conda-forge/linux-64/bzip2-1.0.8-h7f98852_4.tar.bz2#a1fd65c7ccbf10880423d82bca54eb54
https://conda.anaconda.org/conda-forge/linux-64/c-ares-1.18.1-h7f98852_0.tar.bz2#f26ef8098fab1f719c91eb760d63381a
https://conda.anaconda.org/conda-forge/linux-64/expat-2.4.9-h27087fc_0.tar.bz2#493ac8b2503a949aebe33d99ea0c284f
https://conda.anaconda.org/conda-forge/linux-64/fribidi-1.0.10-h36c2ea0_0.tar.bz2#ac7bc6a654f8f41b352b38f4051135f8
https://conda.anaconda.org/conda-forge/linux-64/gettext-0.19.8.1-h27087fc_1009.tar.bz2#17f91dc8bb7a259b02be5bfb2cd2395f
https://conda.anaconda.org/conda-forge/linux-64/giflib-5.2.1-h36c2ea0_2.tar.bz2#626e68ae9cc5912d6adb79d318cf962d
https://conda.anaconda.org/conda-forge/linux-64/gmp-6.2.1-h58526e2_0.tar.bz2#b94cf2db16066b242ebd26db2facbd56
https://conda.anaconda.org/conda-forge/linux-64/graphite2-1.3.13-h58526e2_1001.tar.bz2#8c54672728e8ec6aa6db90cf2806d220
https://conda.anaconda.org/conda-forge/linux-64/icu-70.1-h27087fc_0.tar.bz2#87473a15119779e021c314249d4b4aed
https://conda.anaconda.org/conda-forge/linux-64/jpeg-9e-h166bdaf_2.tar.bz2#ee8b844357a0946870901c7c6f418268
https://conda.anaconda.org/conda-forge/linux-64/keyutils-1.6.1-h166bdaf_0.tar.bz2#30186d27e2c9fa62b45fb1476b7200e3
https://conda.anaconda.org/conda-forge/linux-64/lerc-4.0.0-h27087fc_0.tar.bz2#76bbff344f0134279f225174e9064c8f
https://conda.anaconda.org/conda-forge/linux-64/libbrotlicommon-1.0.9-h166bdaf_7.tar.bz2#f82dc1c78bcf73583f2656433ce2933c
https://conda.anaconda.org/conda-forge/linux-64/libdeflate-1.14-h166bdaf_0.tar.bz2#fc84a0446e4e4fb882e78d786cfb9734
https://conda.anaconda.org/conda-forge/linux-64/libev-4.33-h516909a_1.tar.bz2#6f8720dff19e17ce5d48cfe7f3d2f0a3
https://conda.anaconda.org/conda-forge/linux-64/libffi-3.4.2-h7f98852_5.tar.bz2#d645c6d2ac96843a2bfaccd2d62b3ac3
https://conda.anaconda.org/conda-forge/linux-64/libiconv-1.17-h166bdaf_0.tar.bz2#b62b52da46c39ee2bc3c162ac7f1804d
https://conda.anaconda.org/conda-forge/linux-64/libnsl-2.0.0-h7f98852_0.tar.bz2#39b1328babf85c7c3a61636d9cd50206
https://conda.anaconda.org/conda-forge/linux-64/libopenblas-0.3.21-pthreads_h78a6416_3.tar.bz2#8c5963a49b6035c40646a763293fbb35
https://conda.anaconda.org/conda-forge/linux-64/libsodium-1.0.18-h36c2ea0_1.tar.bz2#c3788462a6fbddafdb413a9f9053e58d
https://conda.anaconda.org/conda-forge/linux-64/libtool-2.4.6-h9c3ff4c_1008.tar.bz2#16e143a1ed4b4fd169536373957f6fee
https://conda.anaconda.org/conda-forge/linux-64/libuuid-2.32.1-h7f98852_1000.tar.bz2#772d69f030955d9646d3d0eaf21d859d
https://conda.anaconda.org/conda-forge/linux-64/libwebp-base-1.2.4-h166bdaf_0.tar.bz2#ac2ccf7323d21f2994e4d1f5da664f37
https://conda.anaconda.org/conda-forge/linux-64/libzlib-1.2.12-h166bdaf_3.tar.bz2#29b2d63b0e21b765da0418bc452538c9
https://conda.anaconda.org/conda-forge/linux-64/lz4-c-1.9.3-h9c3ff4c_1.tar.bz2#fbe97e8fa6f275d7c76a09e795adc3e6
https://conda.anaconda.org/conda-forge/linux-64/lzo-2.10-h516909a_1000.tar.bz2#bb14fcb13341b81d5eb386423b9d2bac
https://conda.anaconda.org/conda-forge/linux-64/ncurses-6.3-h27087fc_1.tar.bz2#4acfc691e64342b9dae57cf2adc63238
https://conda.anaconda.org/conda-forge/linux-64/openssl-1.1.1q-h166bdaf_0.tar.bz2#07acc367c7fc8b716770cd5b36d31717
https://conda.anaconda.org/conda-forge/linux-64/pcre-8.45-h9c3ff4c_0.tar.bz2#c05d1820a6d34ff07aaaab7a9b7eddaa
https://conda.anaconda.org/conda-forge/linux-64/pixman-0.40.0-h36c2ea0_0.tar.bz2#660e72c82f2e75a6b3fe6a6e75c79f19
https://conda.anaconda.org/conda-forge/linux-64/pthread-stubs-0.4-h36c2ea0_1001.tar.bz2#22dad4df6e8630e8dff2428f6f6a7036
https://conda.anaconda.org/conda-forge/linux-64/snappy-1.1.9-hbd366e4_1.tar.bz2#418adb239781d9690afc6b1a05514c37
https://conda.anaconda.org/conda-forge/linux-64/xorg-kbproto-1.0.7-h7f98852_1002.tar.bz2#4b230e8381279d76131116660f5a241a
https://conda.anaconda.org/conda-forge/linux-64/xorg-libice-1.0.10-h7f98852_0.tar.bz2#d6b0b50b49eccfe0be0373be628be0f3
https://conda.anaconda.org/conda-forge/linux-64/xorg-libxau-1.0.9-h7f98852_0.tar.bz2#bf6f803a544f26ebbdc3bfff272eb179
https://conda.anaconda.org/conda-forge/linux-64/xorg-libxdmcp-1.1.3-h7f98852_0.tar.bz2#be93aabceefa2fac576e971aef407908
https://conda.anaconda.org/conda-forge/linux-64/xorg-renderproto-0.11.1-h7f98852_1002.tar.bz2#06feff3d2634e3097ce2fe681474b534
https://conda.anaconda.org/conda-forge/linux-64/xorg-xextproto-7.3.0-h7f98852_1002.tar.bz2#1e15f6ad85a7d743a2ac68dae6c82b98
https://conda.anaconda.org/conda-forge/linux-64/xorg-xproto-7.0.31-h7f98852_1007.tar.bz2#b4a4381d54784606820704f7b5f05a15
https://conda.anaconda.org/conda-forge/linux-64/xz-5.2.6-h166bdaf_0.tar.bz2#2161070d867d1b1204ea749c8eec4ef0
https://conda.anaconda.org/conda-forge/linux-64/yaml-0.2.5-h7f98852_2.tar.bz2#4cb3ad778ec2d5a7acbdf254eb1c42ae
https://conda.anaconda.org/conda-forge/linux-64/libblas-3.9.0-16_linux64_openblas.tar.bz2#d9b7a8639171f6c6fa0a983edabcfe2b
https://conda.anaconda.org/conda-forge/linux-64/libbrotlidec-1.0.9-h166bdaf_7.tar.bz2#37a460703214d0d1b421e2a47eb5e6d0
https://conda.anaconda.org/conda-forge/linux-64/libbrotlienc-1.0.9-h166bdaf_7.tar.bz2#785a9296ea478eb78c47593c4da6550f
https://conda.anaconda.org/conda-forge/linux-64/libedit-3.1.20191231-he28a2e2_2.tar.bz2#4d331e44109e3f0e19b4cb8f9b82f3e1
https://conda.anaconda.org/conda-forge/linux-64/libnghttp2-1.47.0-hdcd2b5c_1.tar.bz2#6fe9e31c2b8d0b022626ccac13e6ca3c
https://conda.anaconda.org/conda-forge/linux-64/libpng-1.6.38-h753d276_0.tar.bz2#575078de1d3a3114b3ce131bd1508d0c
https://conda.anaconda.org/conda-forge/linux-64/libsqlite-3.39.3-h753d276_0.tar.bz2#ccb2457c73609f2622b8a4b3e42e5d8b
https://conda.anaconda.org/conda-forge/linux-64/libssh2-1.10.0-haa6b8db_3.tar.bz2#89acee135f0809a18a1f4537390aa2dd
https://conda.anaconda.org/conda-forge/linux-64/libxcb-1.13-h7f98852_1004.tar.bz2#b3653fdc58d03face9724f602218a904
https://conda.anaconda.org/conda-forge/linux-64/libxml2-2.10.2-h4c7fe37_1.tar.bz2#d543c0192b13a1d0236367d3fb1e022c
https://conda.anaconda.org/conda-forge/linux-64/mpfr-4.1.0-h9202a9a_1.tar.bz2#ea9ebeddb066da8fad4a815e61b139be
https://conda.anaconda.org/conda-forge/linux-64/pcre2-10.37-hc3806b6_1.tar.bz2#dfd26f27a9d5de96cec1d007b9aeb964
https://conda.anaconda.org/conda-forge/linux-64/readline-8.1.2-h0f457ee_0.tar.bz2#db2ebbe2943aae81ed051a6a9af8e0fa
https://conda.anaconda.org/conda-forge/linux-64/tk-8.6.12-h27826a3_0.tar.bz2#5b8c42eb62e9fc961af70bdd6a26e168
https://conda.anaconda.org/conda-forge/linux-64/xorg-libsm-1.2.3-hd9c2040_1000.tar.bz2#9e856f78d5c80d5a78f61e72d1d473a3
https://conda.anaconda.org/conda-forge/linux-64/zeromq-4.3.4-h9c3ff4c_1.tar.bz2#21743a8d2ea0c8cfbbf8fe489b0347df
https://conda.anaconda.org/conda-forge/linux-64/zlib-1.2.12-h166bdaf_3.tar.bz2#76c717057865201aa2d24b79315645bb
https://conda.anaconda.org/conda-forge/linux-64/zstd-1.5.2-h6239696_4.tar.bz2#adcf0be7897e73e312bd24353b613f74
https://conda.anaconda.org/conda-forge/linux-64/blosc-1.21.1-h83bc5f7_3.tar.bz2#37baca23e60af4130cfc03e8ab9f8e22
https://conda.anaconda.org/conda-forge/linux-64/brotli-bin-1.0.9-h166bdaf_7.tar.bz2#1699c1211d56a23c66047524cd76796e
https://conda.anaconda.org/conda-forge/linux-64/freetype-2.12.1-hca18f0e_0.tar.bz2#4e54cbfc47b8c74c2ecc1e7730d8edce
https://conda.anaconda.org/conda-forge/linux-64/krb5-1.19.3-h3790be6_0.tar.bz2#7d862b05445123144bec92cb1acc8ef8
https://conda.anaconda.org/conda-forge/linux-64/libcblas-3.9.0-16_linux64_openblas.tar.bz2#20bae26d0a1db73f758fc3754cab4719
https://conda.anaconda.org/conda-forge/linux-64/libglib-2.74.0-h7a41b64_0.tar.bz2#fe768553d0fe619bb9704e3c79c0ee2e
https://conda.anaconda.org/conda-forge/linux-64/liblapack-3.9.0-16_linux64_openblas.tar.bz2#955d993f41f9354bf753d29864ea20ad
https://conda.anaconda.org/conda-forge/linux-64/libllvm10-10.0.1-he513fc3_3.tar.bz2#b1c57947b2a9231e0cd037ab0ed96b5d
https://conda.anaconda.org/conda-forge/linux-64/libtiff-4.4.0-h55922b4_4.tar.bz2#901791f0ec7cddc8714e76e273013a91
https://conda.anaconda.org/conda-forge/linux-64/libxslt-1.1.35-h8affb1d_0.tar.bz2#355e2a7295d76f3f7e7a18274c097dc2
https://conda.anaconda.org/conda-forge/linux-64/mpc-1.2.1-h9f54685_0.tar.bz2#c5d36085ed66e1c582d652fb921e99fb
https://conda.anaconda.org/conda-forge/linux-64/sqlite-3.39.3-h4ff8645_0.tar.bz2#f03cf4ec974e32b6c5d349f62637e36e
https://conda.anaconda.org/conda-forge/linux-64/xorg-libx11-1.7.2-h7f98852_0.tar.bz2#12a61e640b8894504326aadafccbb790
https://conda.anaconda.org/conda-forge/linux-64/atk-1.0-2.36.0-h3371d22_4.tar.bz2#661e1ed5d92552785d9f8c781ce68685
https://conda.anaconda.org/conda-forge/linux-64/brotli-1.0.9-h166bdaf_7.tar.bz2#3889dec08a472eb0f423e5609c76bde1
https://conda.anaconda.org/conda-forge/linux-64/fontconfig-2.14.0-hc2a2eb6_1.tar.bz2#139ace7da04f011abbd531cb2a9840ee
https://conda.anaconda.org/conda-forge/linux-64/gdk-pixbuf-2.42.8-hff1cb4f_1.tar.bz2#a61c6312192e7c9de71548a6706a21e6
https://conda.anaconda.org/conda-forge/linux-64/gts-0.7.6-h64030ff_2.tar.bz2#112eb9b5b93f0c02e59aea4fd1967363
https://conda.anaconda.org/conda-forge/linux-64/lcms2-2.12-hddcbb42_0.tar.bz2#797117394a4aa588de6d741b06fad80f
https://conda.anaconda.org/conda-forge/linux-64/libcurl-7.83.1-h7bff187_0.tar.bz2#d0c278476dba3b29ee13203784672ab1
https://conda.anaconda.org/conda-forge/linux-64/libwebp-1.2.4-h522a892_0.tar.bz2#802e43f480122a85ae6a34c1909f8f98
https://conda.anaconda.org/conda-forge/linux-64/openjpeg-2.5.0-h7d73246_1.tar.bz2#a11b4df9271a8d7917686725aa04c8f2
https://conda.anaconda.org/conda-forge/linux-64/python-3.8.13-h582c2e5_0_cpython.tar.bz2#8ec74710472994e2411a8020fa8589ce
https://conda.anaconda.org/conda-forge/linux-64/xorg-libxext-1.3.4-h7f98852_1.tar.bz2#536cc5db4d0a3ba0630541aec064b5e4
https://conda.anaconda.org/conda-forge/linux-64/xorg-libxrender-0.9.10-h7f98852_1003.tar.bz2#f59c1242cc1dd93e72c2ee2b360979eb
https://conda.anaconda.org/conda-forge/noarch/alabaster-0.7.12-py_0.tar.bz2#2489a97287f90176ecdc3ca982b4b0a0
https://conda.anaconda.org/conda-forge/noarch/astropy-sphinx-theme-1.1-py_0.tar.bz2#1190bec6b78aaf8e602e8fc829ce7b3f
https://conda.anaconda.org/conda-forge/noarch/attrs-22.1.0-pyh71513ae_1.tar.bz2#6d3ccbc56256204925bfa8378722792f
https://conda.anaconda.org/conda-forge/noarch/backcall-0.2.0-pyh9f0ad1d_0.tar.bz2#6006a6d08a3fa99268a2681c7fb55213
https://conda.anaconda.org/conda-forge/noarch/backports-1.0-py_2.tar.bz2#0da16b293affa6ac31812376f8eb79dd
https://conda.anaconda.org/conda-forge/noarch/cached_property-1.5.2-pyha770c72_1.tar.bz2#576d629e47797577ab0f1b351297ef4a
https://conda.anaconda.org/conda-forge/linux-64/cairo-1.16.0-ha61ee94_1014.tar.bz2#d1a88f3ed5b52e1024b80d4bcd26a7a0
https://conda.anaconda.org/conda-forge/noarch/certifi-2022.9.24-pyhd8ed1ab_0.tar.bz2#f66309b099374af91369e67e84af397d
https://conda.anaconda.org/conda-forge/noarch/charset-normalizer-2.1.1-pyhd8ed1ab_0.tar.bz2#c1d5b294fbf9a795dec349a6f4d8be8e
https://conda.anaconda.org/conda-forge/noarch/colorama-0.4.5-pyhd8ed1ab_0.tar.bz2#c267da48ce208905d7d976d49dfd9433
https://conda.anaconda.org/conda-forge/noarch/cycler-0.11.0-pyhd8ed1ab_0.tar.bz2#a50559fad0affdbb33729a68669ca1cb
https://conda.anaconda.org/conda-forge/noarch/dataclasses-0.8-pyhc8e2a94_3.tar.bz2#a362b2124b06aad102e2ee4581acee7d
https://conda.anaconda.org/conda-forge/noarch/decorator-5.1.1-pyhd8ed1ab_0.tar.bz2#43afe5ab04e35e17ba28649471dd7364
https://conda.anaconda.org/conda-forge/noarch/defusedxml-0.7.1-pyhd8ed1ab_0.tar.bz2#961b3a227b437d82ad7054484cfa71b2
https://conda.anaconda.org/conda-forge/noarch/entrypoints-0.4-pyhd8ed1ab_0.tar.bz2#3cf04868fee0a029769bd41f4b2fbf2d
https://conda.anaconda.org/conda-forge/noarch/executing-1.1.0-pyhd8ed1ab_0.tar.bz2#0fe4f02767b6fc7d077c6552595dfd7e
https://conda.anaconda.org/conda-forge/noarch/flit-core-3.7.1-pyhd8ed1ab_0.tar.bz2#f93822cba5c20161560661988a88f2c0
https://conda.anaconda.org/conda-forge/linux-64/hdf5-1.10.6-nompi_h6a2412b_1114.tar.bz2#0a2984b78f51148d7ff6219abe73509e
https://conda.anaconda.org/conda-forge/noarch/idna-3.4-pyhd8ed1ab_0.tar.bz2#34272b248891bddccc64479f9a7fffed
https://conda.anaconda.org/conda-forge/noarch/imagesize-1.4.1-pyhd8ed1ab_0.tar.bz2#7de5386c8fea29e76b303f37dde4c352
https://conda.anaconda.org/conda-forge/noarch/iniconfig-1.1.1-pyh9f0ad1d_0.tar.bz2#39161f81cc5e5ca45b8226fbb06c6905
https://conda.anaconda.org/conda-forge/noarch/ipython_genutils-0.2.0-py_1.tar.bz2#5071c982548b3a20caf70462f04f5287
https://conda.anaconda.org/conda-forge/noarch/jsonpointer-2.0-py_0.tar.bz2#07d85c22a3beb102a48cd123df84c2a6
https://conda.anaconda.org/conda-forge/noarch/jupyterlab_widgets-3.0.3-pyhd8ed1ab_0.tar.bz2#395233d17d26296e12354344a8c4673b
https://conda.anaconda.org/conda-forge/linux-64/libgd-2.3.3-h18fbbfe_3.tar.bz2#ea9758cf553476ddf75c789fdd239dc5
https://conda.anaconda.org/conda-forge/noarch/mistune-2.0.4-pyhd8ed1ab_0.tar.bz2#78e0a90393b79b378b8ff6d32893d58a
https://conda.anaconda.org/conda-forge/noarch/mpmath-1.2.1-pyhd8ed1ab_0.tar.bz2#9b06ebbd24f7c60ba5a29117c528514e
https://conda.anaconda.org/conda-forge/noarch/munkres-1.1.4-pyh9f0ad1d_0.tar.bz2#2ba8498c1018c1e9c61eb99b973dfe19
https://conda.anaconda.org/conda-forge/noarch/nest-asyncio-1.5.5-pyhd8ed1ab_0.tar.bz2#dc36c992aec485c0efff619ed2e63957
https://conda.anaconda.org/conda-forge/noarch/networkx-2.8.6-pyhd8ed1ab_0.tar.bz2#52243eec8c5b9d22924d1c463b01a1d8
https://conda.anaconda.org/conda-forge/noarch/pandocfilters-1.5.0-pyhd8ed1ab_0.tar.bz2#457c2c8c08e54905d6954e79cb5b5db9
https://conda.anaconda.org/conda-forge/noarch/parso-0.8.3-pyhd8ed1ab_0.tar.bz2#17a565a0c3899244e938cdf417e7b094
https://conda.anaconda.org/conda-forge/noarch/pathspec-0.10.1-pyhd8ed1ab_0.tar.bz2#2357d88e11ea38523d50b9e2fc98dfcf
https://conda.anaconda.org/conda-forge/noarch/pickleshare-0.7.5-py_1003.tar.bz2#415f0ebb6198cc2801c73438a9fb5761
https://conda.anaconda.org/conda-forge/noarch/pkgutil-resolve-name-1.3.10-pyhd8ed1ab_0.tar.bz2#89e3c7cdde7d3aaa2aee933b604dd07f
https://conda.anaconda.org/conda-forge/noarch/platformdirs-2.5.2-pyhd8ed1ab_1.tar.bz2#2fb3f88922e7aec26ba652fcdfe13950
https://conda.anaconda.org/conda-forge/noarch/prometheus_client-0.14.1-pyhd8ed1ab_0.tar.bz2#b7fa7d86530b8de805268e48988eb483
https://conda.anaconda.org/conda-forge/noarch/ptyprocess-0.7.0-pyhd3deb0d_0.tar.bz2#359eeb6536da0e687af562ed265ec263
https://conda.anaconda.org/conda-forge/noarch/pure_eval-0.2.2-pyhd8ed1ab_0.tar.bz2#6784285c7e55cb7212efabc79e4c2883
https://conda.anaconda.org/conda-forge/noarch/py-1.11.0-pyh6c4a22f_0.tar.bz2#b4613d7e7a493916d867842a6a148054
https://conda.anaconda.org/conda-forge/noarch/pycparser-2.21-pyhd8ed1ab_0.tar.bz2#076becd9e05608f8dc72757d5f3a91ff
https://conda.anaconda.org/conda-forge/noarch/pyparsing-3.0.9-pyhd8ed1ab_0.tar.bz2#e8fbc1b54b25f4b08281467bc13b70cc
https://conda.anaconda.org/conda-forge/noarch/pysocks-1.7.1-pyha2e5f31_6.tar.bz2#2a7de29fb590ca14b5243c4c812c8025
https://conda.anaconda.org/conda-forge/noarch/python-dokuwiki-1.3.3-pyhd8ed1ab_0.tar.bz2#a13dedbf73a833f0fbb2cb34467db1a3
https://conda.anaconda.org/conda-forge/noarch/python-fastjsonschema-2.16.2-pyhd8ed1ab_0.tar.bz2#5fe4b6002f505336734ce92961b3e6a0
https://conda.anaconda.org/conda-forge/linux-64/python_abi-3.8-2_cp38.tar.bz2#bfbb29d517281e78ac53e48d21e6e860
https://conda.anaconda.org/conda-forge/noarch/pytz-2022.2.1-pyhd8ed1ab_0.tar.bz2#974bca71d00364630f63f31fa7e059cb
https://conda.anaconda.org/conda-forge/noarch/send2trash-1.8.0-pyhd8ed1ab_0.tar.bz2#edab14119efe85c3bf131ad747e9005c
https://conda.anaconda.org/conda-forge/noarch/six-1.16.0-pyh6c4a22f_0.tar.bz2#e5f25f8dbc060e9a8d912e432202afc2
https://conda.anaconda.org/conda-forge/noarch/snowballstemmer-2.2.0-pyhd8ed1ab_0.tar.bz2#4d22a9315e78c6827f806065957d566e
https://conda.anaconda.org/conda-forge/noarch/soupsieve-2.3.2.post1-pyhd8ed1ab_0.tar.bz2#146f4541d643d48fc8a75cacf69f03ae
https://conda.anaconda.org/conda-forge/noarch/sphinx_bootstrap_theme-0.8.1-pyhd8ed1ab_0.tar.bz2#6d1e1ad812c9991b6da549caa00d3771
https://conda.anaconda.org/conda-forge/noarch/sphinxcontrib-applehelp-1.0.2-py_0.tar.bz2#20b2eaeaeea4ef9a9a0d99770620fd09
https://conda.anaconda.org/conda-forge/noarch/sphinxcontrib-devhelp-1.0.2-py_0.tar.bz2#68e01cac9d38d0e717cd5c87bc3d2cc9
https://conda.anaconda.org/conda-forge/noarch/sphinxcontrib-htmlhelp-2.0.0-pyhd8ed1ab_0.tar.bz2#77dad82eb9c8c1525ff7953e0756d708
https://conda.anaconda.org/conda-forge/noarch/sphinxcontrib-jsmath-1.0.1-py_0.tar.bz2#67cd9d9c0382d37479b4d306c369a2d4
https://conda.anaconda.org/conda-forge/noarch/sphinxcontrib-qthelp-1.0.3-py_0.tar.bz2#d01180388e6d1838c3e1ad029590aa7a
https://conda.anaconda.org/conda-forge/noarch/sphinxcontrib-serializinghtml-1.1.5-pyhd8ed1ab_2.tar.bz2#9ff55a0901cf952f05c654394de76bf7
https://conda.anaconda.org/conda-forge/noarch/tenacity-8.1.0-pyhd8ed1ab_0.tar.bz2#97e6f26dd5b93c9f5e6142e16ee3af62
https://conda.anaconda.org/conda-forge/noarch/toml-0.10.2-pyhd8ed1ab_0.tar.bz2#f832c45a477c78bebd107098db465095
https://conda.anaconda.org/conda-forge/noarch/tomli-2.0.1-pyhd8ed1ab_0.tar.bz2#5844808ffab9ebdb694585b50ba02a96
https://conda.anaconda.org/conda-forge/noarch/traitlets-5.4.0-pyhd8ed1ab_0.tar.bz2#ad0d721e61d0679d78902597b338a33b
https://conda.anaconda.org/conda-forge/noarch/typing_extensions-4.3.0-pyha770c72_0.tar.bz2#a9d85960bc62d53cc4ea0d1d27f73c98
https://conda.anaconda.org/conda-forge/noarch/webencodings-0.5.1-py_1.tar.bz2#3563be4c5611a44210d9ba0c16113136
https://conda.anaconda.org/conda-forge/noarch/wheel-0.37.1-pyhd8ed1ab_0.tar.bz2#1ca02aaf78d9c70d9a81a3bed5752022
https://conda.anaconda.org/conda-forge/noarch/widgetsnbextension-4.0.3-pyhd8ed1ab_0.tar.bz2#e9a70e82e24a455386e4f2321b0ab18e
https://conda.anaconda.org/conda-forge/noarch/zipp-3.8.1-pyhd8ed1ab_0.tar.bz2#a3508a0c850745b875de88aea4c40cc5
https://conda.anaconda.org/conda-forge/noarch/asttokens-2.0.8-pyhd8ed1ab_0.tar.bz2#4d725d10caaad25d9c31bfb263044fb4
https://conda.anaconda.org/conda-forge/noarch/babel-2.10.3-pyhd8ed1ab_0.tar.bz2#72f1c6d03109d7a70087bc1d029a8eda
https://conda.anaconda.org/conda-forge/noarch/beautifulsoup4-4.11.1-pyha770c72_0.tar.bz2#eeec8814bd97b2681f708bb127478d7d
https://conda.anaconda.org/conda-forge/noarch/cached-property-1.5.2-hd8ed1ab_1.tar.bz2#9b347a7ec10940d3f7941ff6c460b551
https://conda.anaconda.org/conda-forge/linux-64/cffi-1.15.1-py38h4a40e3a_0.tar.bz2#a970d201055ec06a75db83bf25447eb2
https://conda.anaconda.org/conda-forge/linux-64/click-8.1.3-py38h578d9bd_0.tar.bz2#a863b3d0df14d2d5335d917eef8523f6
https://conda.anaconda.org/conda-forge/linux-64/coverage-6.4.4-py38h0a891b7_0.tar.bz2#9d88c8ee5941719505660a55148fb2b4
https://conda.anaconda.org/conda-forge/linux-64/debugpy-1.6.3-py38hfa26641_0.tar.bz2#8e3144a12fd70d5e934e61707c10f2ad
https://conda.anaconda.org/conda-forge/linux-64/docutils-0.17.1-py38h578d9bd_2.tar.bz2#affd6b87adb2b0c98da0e3ad274349be
https://conda.anaconda.org/conda-forge/noarch/dot2tex-2.11.3-pyhd8ed1ab_0.tar.bz2#fb28e38d17dee34abc13cf6ad916534a
https://conda.anaconda.org/conda-forge/linux-64/future-0.18.2-py38h578d9bd_5.tar.bz2#8658059c99ca16e4f5fb322aa23eeac8
https://conda.anaconda.org/conda-forge/linux-64/gmpy2-2.1.2-py38h8384b0a_0.tar.bz2#50442a4f24fd8010b203103a1d9f5f3c
https://conda.anaconda.org/conda-forge/linux-64/harfbuzz-5.2.0-hf9f4e7c_0.tar.bz2#3c5f4fbd64c7254fbe246ca9d87863b6
https://conda.anaconda.org/conda-forge/linux-64/importlib-metadata-4.11.4-py38h578d9bd_0.tar.bz2#037225c33a50e99c5d4f86fac90f6de8
https://conda.anaconda.org/conda-forge/noarch/importlib_resources-5.9.0-pyhd8ed1ab_0.tar.bz2#393a52ae5450ac981a0b67c8175d61fa
https://conda.anaconda.org/conda-forge/noarch/jedi-0.18.1-pyhd8ed1ab_2.tar.bz2#0e613217e78777045199372a2b0d5bd2
https://conda.anaconda.org/conda-forge/linux-64/jupyter_core-4.11.1-py38h578d9bd_0.tar.bz2#511c895f39abab82d42e9c9cf263a739
https://conda.anaconda.org/conda-forge/linux-64/kiwisolver-1.4.4-py38h43d8883_0.tar.bz2#ae54c61918e1cbd280b8587ed6219258
https://conda.anaconda.org/conda-forge/noarch/latexcodec-2.0.1-pyh9f0ad1d_0.tar.bz2#8d67904973263afd2985ba56aa2d6bb4
https://conda.anaconda.org/conda-forge/linux-64/llvmlite-0.36.0-py38h4630a5e_0.tar.bz2#a805cb9a530a6524f7f832cce981fa0e
https://conda.anaconda.org/conda-forge/linux-64/lxml-4.9.1-py38h0a891b7_0.tar.bz2#4390c6d6dc6ba6bdfcda15e6eb9dbfd9
https://conda.anaconda.org/conda-forge/linux-64/markupsafe-2.1.1-py38h0a891b7_1.tar.bz2#20d003ad5f584e212c299f64cac46c05
https://conda.anaconda.org/conda-forge/noarch/matplotlib-inline-0.1.6-pyhd8ed1ab_0.tar.bz2#b21613793fcc81d944c76c9f2864a7de
https://conda.anaconda.org/conda-forge/linux-64/mock-4.0.3-py38h578d9bd_3.tar.bz2#616ceac2c8733522d2841f91a362a70c
https://conda.anaconda.org/conda-forge/linux-64/mypy_extensions-0.4.3-py38h578d9bd_5.tar.bz2#60e384c65fde89976c030a810641e8ca
https://conda.anaconda.org/conda-forge/linux-64/numpy-1.19.5-py38h8246c76_3.tar.bz2#0ac1e1515921296a689bad87e4affeb9
https://conda.anaconda.org/conda-forge/noarch/packaging-21.3-pyhd8ed1ab_0.tar.bz2#71f1ab2de48613876becddd496371c85
https://conda.anaconda.org/conda-forge/noarch/pexpect-4.8.0-pyh9f0ad1d_2.tar.bz2#5909e7b978141dd80d28dbf9de627827
https://conda.anaconda.org/conda-forge/linux-64/pillow-9.2.0-py38ha3b2c9c_2.tar.bz2#a077cc2bb9d854074b1cf4607252da7a
https://conda.anaconda.org/conda-forge/noarch/plotly-5.10.0-pyhd8ed1ab_0.tar.bz2#e95502aa0f8e3db05d198214472575de
https://conda.anaconda.org/conda-forge/linux-64/pluggy-1.0.0-py38h578d9bd_3.tar.bz2#6ce4ce3d4490a56eb33b52c179609193
https://conda.anaconda.org/conda-forge/linux-64/psutil-5.9.2-py38h0a891b7_0.tar.bz2#907a39b6d7443f770ed755885694f864
https://conda.anaconda.org/conda-forge/linux-64/pyrsistent-0.18.1-py38h0a891b7_1.tar.bz2#baf653aaed8aa675798cbf810c01434e
https://conda.anaconda.org/conda-forge/noarch/python-dateutil-2.8.2-pyhd8ed1ab_0.tar.bz2#dd999d1cc9f79e67dbb855c8924c7984
https://conda.anaconda.org/conda-forge/linux-64/pyyaml-6.0-py38h0a891b7_4.tar.bz2#ba24ff01bb38c5cd5be54b45ef685db3
https://conda.anaconda.org/conda-forge/linux-64/pyzmq-24.0.1-py38hfc09fa9_0.tar.bz2#46f74a0d7a5052e08ada24deb88ad84f
https://conda.anaconda.org/conda-forge/linux-64/setuptools-59.8.0-py38h578d9bd_1.tar.bz2#da023e4a9c777abc28434d7a6473dcc2
https://conda.anaconda.org/conda-forge/noarch/tinycss2-1.1.1-pyhd8ed1ab_0.tar.bz2#5d280406501e79dc7aa9c9ac31d25a80
https://conda.anaconda.org/conda-forge/linux-64/tornado-6.2-py38h0a891b7_0.tar.bz2#acd276486a0067bee3098590f0952a0f
https://conda.anaconda.org/conda-forge/noarch/tqdm-4.64.1-pyhd8ed1ab_0.tar.bz2#5526ff3f88f9db87bb0924b9ce575345
https://conda.anaconda.org/conda-forge/linux-64/typed-ast-1.5.4-py38h0a891b7_0.tar.bz2#f44c11eaaad448182d033492370d4ab9
https://conda.anaconda.org/conda-forge/noarch/typing-extensions-4.3.0-hd8ed1ab_0.tar.bz2#f3e98e944832fb271a0dbda7b7771dc6
https://conda.anaconda.org/conda-forge/linux-64/unicodedata2-14.0.0-py38h0a891b7_1.tar.bz2#83df0e9e3faffc295f12607438691465
https://conda.anaconda.org/conda-forge/linux-64/argon2-cffi-bindings-21.2.0-py38h0a891b7_2.tar.bz2#3f70d2e8952ab07d096f0a7cb8e3f44e
https://conda.anaconda.org/conda-forge/noarch/backports.functools_lru_cache-1.6.4-pyhd8ed1ab_0.tar.bz2#c5b3edc62d6309088f4970b3eaaa65a6
https://conda.anaconda.org/conda-forge/noarch/black-22.3.0-pyhd8ed1ab_0.tar.bz2#7ecbfaae9a30b73c1a6e36e4a0debc03
https://conda.anaconda.org/conda-forge/noarch/bleach-5.0.1-pyhd8ed1ab_0.tar.bz2#1f5151d37e4a2b1137f81c89a3a769f2
https://conda.anaconda.org/conda-forge/linux-64/brotlipy-0.7.0-py38h0a891b7_1004.tar.bz2#9fcaaca218dcfeb8da806d4fd4824aa0
https://conda.anaconda.org/conda-forge/noarch/commonmark-0.9.1-py_0.tar.bz2#6aa0173c14befcd577ded130cf6f22f5
https://conda.anaconda.org/conda-forge/linux-64/cryptography-37.0.4-py38h2b5fc30_0.tar.bz2#28e9acd6f13ed29f27d5550a1cf0554b
https://conda.anaconda.org/conda-forge/linux-64/fonttools-4.37.3-py38h0a891b7_0.tar.bz2#ff4c112a78161241ca8a7af74de6a50b
https://conda.anaconda.org/conda-forge/linux-64/h5py-3.3.0-nompi_py38h9915d05_100.tar.bz2#ff269cc1d7b4bfc19d89adf69e2e1d73
https://conda.anaconda.org/conda-forge/noarch/importlib_metadata-4.11.4-hd8ed1ab_0.tar.bz2#9a1925fdb91c81437b8012e48ede6851
https://conda.anaconda.org/conda-forge/noarch/jinja2-3.1.2-pyhd8ed1ab_1.tar.bz2#c8490ed5c70966d232fdd389d0dbed37
https://conda.anaconda.org/conda-forge/noarch/jsonschema-4.16.0-pyhd8ed1ab_0.tar.bz2#f39774717a77d98673ea29d28a586a84
https://conda.anaconda.org/conda-forge/noarch/jupyter_client-7.3.5-pyhd8ed1ab_0.tar.bz2#44d30e108612b4980ce2705a5ac227f2
https://conda.anaconda.org/conda-forge/linux-64/numba-0.53.1-py38h8b71fd7_1.tar.bz2#5664278be8b3e6e54ea258b67e1861d0
https://conda.anaconda.org/conda-forge/linux-64/numexpr-2.8.3-py38h97b1c41_100.tar.bz2#15b77242f3e09895386af8030e428d68
https://conda.anaconda.org/conda-forge/linux-64/pandas-1.0.5-py38hcb8c335_0.tar.bz2#1e1b4382170fd26cf722ef008ffb651e
https://conda.anaconda.org/conda-forge/linux-64/pango-1.50.10-hc4f8a73_0.tar.bz2#fead2b3178129155c334c751df4daba6
https://conda.anaconda.org/conda-forge/noarch/pip-22.2.2-pyhd8ed1ab_0.tar.bz2#0b43abe4d3ee93e82742d37def53a836
https://conda.anaconda.org/conda-forge/noarch/pybtex-0.24.0-pyhd8ed1ab_2.tar.bz2#2099b86a7399c44c0c61cdb6de6915ba
https://conda.anaconda.org/conda-forge/linux-64/pyerfa-2.0.0.1-py38h71d37f0_2.tar.bz2#b48ecd9c0b22ddc465daba45d1ff7488
https://conda.anaconda.org/conda-forge/noarch/pygments-2.13.0-pyhd8ed1ab_0.tar.bz2#9f478e8eedd301008b5f395bad0caaed
https://conda.anaconda.org/conda-forge/linux-64/pytest-7.1.3-py38h578d9bd_0.tar.bz2#1fdabff56623511910fef3b418ff07a2
https://conda.anaconda.org/conda-forge/linux-64/scipy-1.5.3-py38hb2138dd_0.tar.bz2#e0ab8ace182b8d88a43c7e25a3ed092f
https://conda.anaconda.org/conda-forge/noarch/setuptools-scm-7.0.5-pyhd8ed1ab_0.tar.bz2#743074b7a216807886f7e8f6d497cceb
https://conda.anaconda.org/conda-forge/noarch/snakeviz-2.1.1-pyhd8ed1ab_0.tar.bz2#e4636d276123af7d1e810fb3e88657ee
https://conda.anaconda.org/conda-forge/noarch/stack_data-0.5.1-pyhd8ed1ab_0.tar.bz2#3282a2d79f5f4d25469d71bc851771e3
https://conda.anaconda.org/conda-forge/linux-64/sympy-1.10.1-py38h578d9bd_1.tar.bz2#eded4a3e588bc022744581752ff34614
https://conda.anaconda.org/conda-forge/linux-64/terminado-0.15.0-py38h578d9bd_0.tar.bz2#3ed090a36df2e95468b887e86f8fcdf6
https://conda.anaconda.org/conda-forge/noarch/argon2-cffi-21.3.0-pyhd8ed1ab_0.tar.bz2#a0b402db58f73aaab8ee0ca1025a362e
https://conda.anaconda.org/conda-forge/linux-64/astropy-5.0.4-py38h71d37f0_0.tar.bz2#4156d702236001f841bc3404a007ea74
https://conda.anaconda.org/conda-forge/linux-64/gtk2-2.24.33-h90689f9_2.tar.bz2#957a0255ab58aaf394a91725d73ab422
https://conda.anaconda.org/conda-forge/noarch/jupyterlab_pygments-0.2.2-pyhd8ed1ab_0.tar.bz2#243f63592c8e449f40cd42eb5cf32f40
https://conda.anaconda.org/conda-forge/linux-64/librsvg-2.54.4-h7abd40a_0.tar.bz2#921e53675ed5ea352f022b79abab076a
https://conda.anaconda.org/conda-forge/linux-64/matplotlib-base-3.5.3-py38h38b5ce0_2.tar.bz2#0db5b110946be87a04643c1ba95c6ef9
https://conda.anaconda.org/conda-forge/noarch/nbformat-5.6.1-pyhd8ed1ab_0.tar.bz2#baf7651bd2c2260c85b3e6c7a441d903
https://conda.anaconda.org/conda-forge/noarch/pbr-5.10.0-pyhd8ed1ab_0.tar.bz2#6cfd80f8f255415a400c5a2728087fce
https://conda.anaconda.org/conda-forge/linux-64/pybtex-docutils-1.0.2-py38h578d9bd_1.tar.bz2#951f583e5310000a816fb1f4b47d90ab
https://conda.anaconda.org/conda-forge/noarch/pyopenssl-22.0.0-pyhd8ed1ab_1.tar.bz2#2e7e3630919d29c8216bfa2cd643d79e
https://conda.anaconda.org/conda-forge/linux-64/pytables-3.6.1-py38hc386592_3.tar.bz2#4ac8fd4ae49adc4b04c099e938cbf767
https://conda.anaconda.org/conda-forge/noarch/pytest-cov-3.0.0-pyhd8ed1ab_0.tar.bz2#0f7cac11bb696b62d378bde725bfc3eb
https://conda.anaconda.org/conda-forge/noarch/pytest-doctestplus-0.12.0-pyhd8ed1ab_0.tar.bz2#f6eeaddd5c71042441dce88372c3cbe0
https://conda.anaconda.org/conda-forge/noarch/pytest-metadata-2.0.2-pyhd8ed1ab_0.tar.bz2#3ec37c08592b7904827826919b72dbdf
https://conda.anaconda.org/conda-forge/noarch/setuptools_scm-7.0.5-hd8ed1ab_0.tar.bz2#be83043fc87fff096056e6598a438745
https://conda.anaconda.org/conda-forge/noarch/wcwidth-0.2.5-pyh9f0ad1d_2.tar.bz2#5266fcd697043c59621fda522b3d78ee
https://conda.anaconda.org/conda-forge/linux-64/graphviz-6.0.1-h5abf519_0.tar.bz2#123c55da3e9ea8664f73c70e13ef08c2
https://conda.anaconda.org/conda-forge/noarch/nbclient-0.6.8-pyhd8ed1ab_0.tar.bz2#f052376c70c9d6a8e783e8e7c56b5f82
https://conda.anaconda.org/conda-forge/noarch/prompt-toolkit-3.0.31-pyha770c72_0.tar.bz2#94fee21afe199936bc361608e537cd11
https://conda.anaconda.org/conda-forge/noarch/pytest-html-3.1.1-pyhd8ed1ab_0.tar.bz2#88b638753087926088c778ea5b2f4b97
https://conda.anaconda.org/conda-forge/noarch/radioactivedecay-0.4.15-pyhd8ed1ab_0.tar.bz2#05b7e565be6a01dfdd013f5668a42548
https://conda.anaconda.org/conda-forge/noarch/sphinxcontrib-apidoc-0.3.0-py_1.tar.bz2#855b087883443abb10f5faf6eef40860
https://conda.anaconda.org/conda-forge/noarch/urllib3-1.26.11-pyhd8ed1ab_0.tar.bz2#0738978569b10669bdef41c671252dd1
https://conda.anaconda.org/conda-forge/noarch/ipython-8.5.0-pyh41d4057_1.tar.bz2#83600908360af344d9324c3409e0dfea
https://conda.anaconda.org/conda-forge/noarch/nbconvert-core-7.0.0-pyhd8ed1ab_0.tar.bz2#e650d91dab0325e043401ecdfaa3e6ce
https://conda.anaconda.org/conda-forge/linux-64/pygraphviz-1.10-py38h64b15e5_1.tar.bz2#4dffd82d27c81ab9472ec78f6d96ffa4
https://conda.anaconda.org/conda-forge/noarch/requests-2.28.1-pyhd8ed1ab_1.tar.bz2#089382ee0e2dc2eae33a04cc3c2bddb0
https://conda.anaconda.org/conda-forge/noarch/ipykernel-6.16.0-pyh210e3f2_0.tar.bz2#6a07cee9d25338f0b638576f6b476bf7
https://conda.anaconda.org/conda-forge/noarch/nbconvert-pandoc-7.0.0-pyhd8ed1ab_0.tar.bz2#f00b05fec330c70cf7bfd63a02d8b6ac
https://conda.anaconda.org/conda-forge/noarch/sphinx-5.2.1-pyhd8ed1ab_0.tar.bz2#e35fcd36344cd33d66cf3c768c8435ff
https://conda.anaconda.org/conda-forge/noarch/ipywidgets-8.0.2-pyhd8ed1ab_1.tar.bz2#81b7f46918555bf911ad2ba2f3259094
https://conda.anaconda.org/conda-forge/noarch/nbconvert-7.0.0-pyhd8ed1ab_0.tar.bz2#43ccab580941c4d273343db18fc3bafc
https://conda.anaconda.org/conda-forge/noarch/numpydoc-1.4.0-pyhd8ed1ab_1.tar.bz2#0aac89c61a466b0f9c4fd0ec44d81f1d
https://conda.anaconda.org/conda-forge/noarch/recommonmark-0.7.1-pyhd8ed1ab_0.tar.bz2#b3becf9905b8c7ba839072f65e693253
https://conda.anaconda.org/conda-forge/noarch/sphinx-automodapi-0.14.1-pyhd8ed1ab_1.tar.bz2#e2aad70b71152072c47d33a198bdb789
https://conda.anaconda.org/conda-forge/noarch/sphinx-gallery-0.11.1-pyhd8ed1ab_0.tar.bz2#729254314a5d178eefca50acbc2687b8
https://conda.anaconda.org/conda-forge/noarch/sphinx-jsonschema-1.19.1-pyhd8ed1ab_0.tar.bz2#d340bddca07283d3362b0e46b1791568
https://conda.anaconda.org/conda-forge/noarch/sphinx_rtd_theme-1.0.0-pyhd8ed1ab_0.tar.bz2#9f633f2f2869184e31acfeae95b24345
https://conda.anaconda.org/conda-forge/noarch/sphinxcontrib-bibtex-2.5.0-pyhd8ed1ab_0.tar.bz2#b2e5c9aece936ebf9f26abdf71ddd74b
https://conda.anaconda.org/conda-forge/noarch/nbsphinx-0.8.9-pyhd8ed1ab_0.tar.bz2#c4aeec69f6d9225c39ff18d5a06cc12f
https://conda.anaconda.org/conda-forge/noarch/notebook-6.4.12-pyha770c72_0.tar.bz2#77fc67c5bbea44fd41e8bbe2ac82d1ad
https://conda.anaconda.org/conda-forge/noarch/sphinx-astropy-1.7.0-pyhd8ed1ab_0.tar.bz2#c31d4e8154011f5e412ccc241de3b359
https://conda.anaconda.org/conda-forge/noarch/qgrid-1.3.1-pyhd8ed1ab_3.tar.bz2#178df45ddd7ef5b1bd2b8600954c58f6
